{
  "version": 4,
  "terraform_version": "1.12.1",
  "serial": 42,
  "lineage": "ee856c49-44fe-da4e-1501-8aa6feab0f7e",
  "outputs": {
    "velero_backup_bucket_name": {
      "value": "velero-backup-for-chickpay",
      "type": "string"
    },
    "velero_kms_key_arn": {
      "value": "arn:aws:kms:ap-northeast-2:297195401389:key/fef256b0-e974-4f6c-b4f6-22481d6811f5",
      "type": "string"
    }
  },
  "resources": [
    {
      "mode": "managed",
      "type": "aws_kms_alias",
      "name": "velero",
      "provider": "provider[\"registry.terraform.io/hashicorp/aws\"]",
      "instances": [
        {
          "schema_version": 0,
          "attributes": {
            "arn": "arn:aws:kms:ap-northeast-2:297195401389:alias/velero-backup-key",
            "id": "alias/velero-backup-key",
            "name": "alias/velero-backup-key",
            "name_prefix": "",
            "target_key_arn": "arn:aws:kms:ap-northeast-2:297195401389:key/fef256b0-e974-4f6c-b4f6-22481d6811f5",
            "target_key_id": "fef256b0-e974-4f6c-b4f6-22481d6811f5"
          },
          "sensitive_attributes": [],
          "identity_schema_version": 0,
          "private": "bnVsbA==",
          "dependencies": [
            "aws_kms_key.velero"
          ]
        }
      ]
    },
    {
      "mode": "managed",
      "type": "aws_kms_key",
      "name": "velero",
      "provider": "provider[\"registry.terraform.io/hashicorp/aws\"]",
      "instances": [
        {
          "schema_version": 0,
          "attributes": {
            "arn": "arn:aws:kms:ap-northeast-2:297195401389:key/fef256b0-e974-4f6c-b4f6-22481d6811f5",
            "bypass_policy_lockout_safety_check": false,
            "custom_key_store_id": "",
            "customer_master_key_spec": "SYMMETRIC_DEFAULT",
            "deletion_window_in_days": 10,
            "description": "KMS key for Velero S3 bucket encryption",
            "enable_key_rotation": true,
            "id": "fef256b0-e974-4f6c-b4f6-22481d6811f5",
            "is_enabled": true,
            "key_id": "fef256b0-e974-4f6c-b4f6-22481d6811f5",
            "key_usage": "ENCRYPT_DECRYPT",
            "multi_region": false,
            "policy": "{\"Id\":\"key-default-1\",\"Statement\":[{\"Action\":\"kms:*\",\"Effect\":\"Allow\",\"Principal\":{\"AWS\":\"arn:aws:iam::297195401389:root\"},\"Resource\":\"*\",\"Sid\":\"Enable IAM User Permissions\"}],\"Version\":\"2012-10-17\"}",
            "rotation_period_in_days": 365,
            "tags": null,
            "tags_all": {},
            "timeouts": null,
            "xks_key_id": ""
          },
          "sensitive_attributes": [],
          "identity_schema_version": 0,
          "private": "eyJlMmJmYjczMC1lY2FhLTExZTYtOGY4OC0zNDM2M2JjN2M0YzAiOnsiY3JlYXRlIjoxMjAwMDAwMDAwMDB9fQ=="
        }
      ]
    },
    {
      "mode": "managed",
      "type": "aws_s3_bucket",
      "name": "velero",
      "provider": "provider[\"registry.terraform.io/hashicorp/aws\"]",
      "instances": [
        {
          "schema_version": 0,
          "attributes": {
            "acceleration_status": "",
            "acl": null,
            "arn": "arn:aws:s3:::velero-backup-for-chickpay",
            "bucket": "velero-backup-for-chickpay",
            "bucket_domain_name": "velero-backup-for-chickpay.s3.amazonaws.com",
            "bucket_prefix": "",
            "bucket_regional_domain_name": "velero-backup-for-chickpay.s3.ap-northeast-2.amazonaws.com",
            "cors_rule": [],
            "force_destroy": false,
            "grant": [
              {
                "id": "a56469b672901f2a0c66fe38fbc6d2cc429a3a6fb9d5fe9a38e48cf16fe4e9eb",
                "permissions": [
                  "FULL_CONTROL"
                ],
                "type": "CanonicalUser",
                "uri": ""
              }
            ],
            "hosted_zone_id": "Z3W03O7B5YMIYP",
            "id": "velero-backup-for-chickpay",
            "lifecycle_rule": [],
            "logging": [],
            "object_lock_configuration": [],
            "object_lock_enabled": false,
            "policy": "",
            "region": "ap-northeast-2",
            "replication_configuration": [],
            "request_payer": "BucketOwner",
            "server_side_encryption_configuration": [
              {
                "rule": [
                  {
                    "apply_server_side_encryption_by_default": [
                      {
                        "kms_master_key_id": "",
                        "sse_algorithm": "AES256"
                      }
                    ],
                    "bucket_key_enabled": false
                  }
                ]
              }
            ],
            "tags": {
              "Environment": "prod",
              "Name": "velero-backup-bucket"
            },
            "tags_all": {
              "Environment": "prod",
              "Name": "velero-backup-bucket"
            },
            "timeouts": null,
            "versioning": [
              {
                "enabled": false,
                "mfa_delete": false
              }
            ],
            "website": [],
            "website_domain": null,
            "website_endpoint": null
          },
          "sensitive_attributes": [],
          "identity_schema_version": 0,
          "private": "eyJlMmJmYjczMC1lY2FhLTExZTYtOGY4OC0zNDM2M2JjN2M0YzAiOnsiY3JlYXRlIjoxMjAwMDAwMDAwMDAwLCJkZWxldGUiOjM2MDAwMDAwMDAwMDAsInJlYWQiOjEyMDAwMDAwMDAwMDAsInVwZGF0ZSI6MTIwMDAwMDAwMDAwMH19"
        }
      ]
    },
    {
      "mode": "managed",
      "type": "aws_s3_bucket_lifecycle_configuration",
      "name": "velero",
      "provider": "provider[\"registry.terraform.io/hashicorp/aws\"]",
      "instances": [
        {
          "schema_version": 1,
          "attributes": {
            "bucket": "velero-backup-for-chickpay",
            "expected_bucket_owner": "",
            "id": "velero-backup-for-chickpay",
            "rule": [
              {
                "abort_incomplete_multipart_upload": [],
                "expiration": [
                  {
                    "date": null,
                    "days": 60,
                    "expired_object_delete_marker": false
                  }
                ],
                "filter": [],
                "id": "auto-expire",
                "noncurrent_version_expiration": [],
                "noncurrent_version_transition": [],
                "prefix": "",
                "status": "Enabled",
                "transition": []
              }
            ],
            "timeouts": null,
            "transition_default_minimum_object_size": "all_storage_classes_128K"
          },
          "sensitive_attributes": [],
          "identity_schema_version": 0,
          "dependencies": [
            "aws_s3_bucket.velero"
          ]
        }
      ]
    },
    {
      "mode": "managed",
      "type": "aws_s3_bucket_public_access_block",
      "name": "velero",
      "provider": "provider[\"registry.terraform.io/hashicorp/aws\"]",
      "instances": [
        {
          "schema_version": 0,
          "attributes": {
            "block_public_acls": true,
            "block_public_policy": true,
            "bucket": "velero-backup-for-chickpay",
            "id": "velero-backup-for-chickpay",
            "ignore_public_acls": true,
            "restrict_public_buckets": true
          },
          "sensitive_attributes": [],
          "identity_schema_version": 0,
          "private": "bnVsbA==",
          "dependencies": [
            "aws_s3_bucket.velero"
          ]
        }
      ]
    },
    {
      "mode": "managed",
      "type": "aws_s3_bucket_server_side_encryption_configuration",
      "name": "velero",
      "provider": "provider[\"registry.terraform.io/hashicorp/aws\"]",
      "instances": [
        {
          "schema_version": 0,
          "attributes": {
            "bucket": "velero-backup-for-chickpay",
            "expected_bucket_owner": "",
            "id": "velero-backup-for-chickpay",
            "rule": [
              {
                "apply_server_side_encryption_by_default": [
                  {
                    "kms_master_key_id": "arn:aws:kms:ap-northeast-2:297195401389:key/fef256b0-e974-4f6c-b4f6-22481d6811f5",
                    "sse_algorithm": "aws:kms"
                  }
                ],
                "bucket_key_enabled": null
              }
            ]
          },
          "sensitive_attributes": [],
          "identity_schema_version": 0,
          "private": "bnVsbA==",
          "dependencies": [
            "aws_kms_key.velero",
            "aws_s3_bucket.velero"
          ]
        }
      ]
    },
    {
      "mode": "managed",
      "type": "aws_s3_bucket_versioning",
      "name": "velero",
      "provider": "provider[\"registry.terraform.io/hashicorp/aws\"]",
      "instances": [
        {
          "schema_version": 0,
          "attributes": {
            "bucket": "velero-backup-for-chickpay",
            "expected_bucket_owner": "",
            "id": "velero-backup-for-chickpay",
            "mfa": null,
            "versioning_configuration": [
              {
                "mfa_delete": "",
                "status": "Enabled"
              }
            ]
          },
          "sensitive_attributes": [],
          "identity_schema_version": 0,
          "private": "bnVsbA==",
          "dependencies": [
            "aws_s3_bucket.velero"
          ]
        }
      ]
    }
  ],
  "check_results": null
}
