{
  "version": 4,
  "terraform_version": "1.12.1",
  "serial": 25,
  "lineage": "6ff43f10-3a8b-60e4-1875-199f91f56aef",
  "outputs": {
    "argocd_helm_release_name": {
      "value": "argo-cd",
      "type": "string"
    },
    "argocd_namespace": {
      "value": "argocd",
      "type": "string"
    }
  },
  "resources": [
    {
      "mode": "data",
      "type": "terraform_remote_state",
      "name": "cicd",
      "provider": "provider[\"terraform.io/builtin/terraform\"]",
      "instances": [
        {
          "schema_version": 0,
          "attributes": {
            "backend": "local",
            "config": {
              "value": {
                "path": "../eks/cicd/terraform.tfstate"
              },
              "type": [
                "object",
                {
                  "path": "string"
                }
              ]
            },
            "defaults": null,
            "outputs": {
              "value": {
                "cluster_certificate_authority_data": "LS0tLS1CRUdJTiBDRVJUSUZJQ0FURS0tLS0tCk1JSURCVENDQWUyZ0F3SUJBZ0lJSU0zUkZsQnRoN1F3RFFZSktvWklodmNOQVFFTEJRQXdGVEVUTUJFR0ExVUUKQXhNS2EzVmlaWEp1WlhSbGN6QWVGdzB5TlRBMk1ESXdNVEU0TkRsYUZ3MHpOVEExTXpFd01USXpORGxhTUJVeApFekFSQmdOVkJBTVRDbXQxWW1WeWJtVjBaWE13Z2dFaU1BMEdDU3FHU0liM0RRRUJBUVVBQTRJQkR3QXdnZ0VLCkFvSUJBUURjNTBNRmwwZGNreEZ6eVRka0lGNWFJM1pCdHpwT1RVMmtpZXE1N1lMM3NjS00raVVxdWljaTNZczIKNlBtRStMSmYzcGFqb2tHY0hPSG1BWHduRHJWYzFsNU9VZGsyMERQWTdNL21OUG92dE5WZnc3S29OZUwzdVlzMwo3Ym1pMXVCZzluWWxsd0tjYVpYa1VFSS9xREhpaEcyMzFoOEJGb0VWY1ZQWWI4NGNvZkFHQkVoKzJSblY3cmFlCmFWZFRhcjJnZkowM3MxUThWNXBuRWw0Zk5DYTJzNWh1RElGazh4TUcvZVZuODFwY2FZN0ZqMWhCZEx2c2hLSW0KKzBFeWQvamxYQjZHdUlmSDJaTEJYMzJvd0d4TmNyM0xWblJCQmcxcVhlZGxQcTFPZDdqU3pFR1Y4blBKZEtJSApFSW1LZ0V1bDRaMG5KbURxV1J2eGpGb3hmRUkvQWdNQkFBR2pXVEJYTUE0R0ExVWREd0VCL3dRRUF3SUNwREFQCkJnTlZIUk1CQWY4RUJUQURBUUgvTUIwR0ExVWREZ1FXQkJSc1VpNXFYU1RtYjdIdFR5N0dTWVlKTU5XTTZqQVYKQmdOVkhSRUVEakFNZ2dwcmRXSmxjbTVsZEdWek1BMEdDU3FHU0liM0RRRUJDd1VBQTRJQkFRQ1dNM1B5RHZPbwpxclFtUFlmR0EySERCb1BiTVo3YXFkY1dTd3UwaUxvVGd5UGQwamZIUkM2S2g4TlpQT0lDVFgxQ01xWngyc0dtCmVwWVJZZzJmQmI0cVlpVm1YNnJQem5tbENzd3E5QmZBVGg5ajd2WjhFbHVGWnBqTFp1MnVGMW4vaXRJNnpsRVEKWTQybzJoWFhsYnZNbjVZa1A2VG9ad1djNkRRWG11VlVYVFcrRXVoSlRZYkpYWWdiOVE0Z0JRc3AwOEZmODJNMApqTm10N3NnWmNsS0pNU1VacWs2R1p0T0p2OUhMVXlBd3Rod0EvSkt0c3FHVkRveWgrU3RYd0xjSG5OT21lWFdUClZoQmxsKzV6YUxrQnJOVkJjSEdIZk4waSs2NUxSOWhIZDlZczUxVFc4V0VTL2RLL0FtZ3ZQYzdnRzUwZjJMQlQKSU5xS0pVSnRpeUdmCi0tLS0tRU5EIENFUlRJRklDQVRFLS0tLS0K",
                "cluster_endpoint": "https://02246FD6D04998151FAE529D126E7907.sk1.ap-northeast-2.eks.amazonaws.com",
                "cluster_name": "eks-cicd",
                "cluster_oidc_issuer_url": "https://oidc.eks.ap-northeast-2.amazonaws.com/id/02246FD6D04998151FAE529D126E7907",
                "cluster_security_group_id": "sg-0fb2ce4622bd0ed8f",
                "cluster_token": "k8s-aws-v1.aHR0cHM6Ly9zdHMuYXAtbm9ydGhlYXN0LTIuYW1hem9uYXdzLmNvbS8_QWN0aW9uPUdldENhbGxlcklkZW50aXR5JlZlcnNpb249MjAxMS0wNi0xNSZYLUFtei1BbGdvcml0aG09QVdTNC1ITUFDLVNIQTI1NiZYLUFtei1DcmVkZW50aWFsPUFLSUFVS01SWjZDV1lORU5IQjQ1JTJGMjAyNTA2MDIlMkZhcC1ub3J0aGVhc3QtMiUyRnN0cyUyRmF3czRfcmVxdWVzdCZYLUFtei1EYXRlPTIwMjUwNjAyVDAxNDQ1N1omWC1BbXotRXhwaXJlcz0wJlgtQW16LVNpZ25lZEhlYWRlcnM9aG9zdCUzQngtazhzLWF3cy1pZCZYLUFtei1TaWduYXR1cmU9Y2VjMWMzY2MyOWJkNzkxMDIzMTYyM2NmMmIxYjc3MzBjMGYwYjg0YzRkNmRlNzFkMTRjMDk1NGZhMWMzY2Y0MQ"
              },
              "type": [
                "object",
                {
                  "cluster_certificate_authority_data": "string",
                  "cluster_endpoint": "string",
                  "cluster_name": "string",
                  "cluster_oidc_issuer_url": "string",
                  "cluster_security_group_id": "string",
                  "cluster_token": "string"
                }
              ]
            },
            "workspace": null
          },
          "sensitive_attributes": [],
          "identity_schema_version": 0
        }
      ]
    },
    {
      "mode": "data",
      "type": "terraform_remote_state",
      "name": "iam",
      "provider": "provider[\"terraform.io/builtin/terraform\"]",
      "instances": [
        {
          "schema_version": 0,
          "attributes": {
            "backend": "local",
            "config": {
              "value": {
                "path": "../iam/terraform.tfstate"
              },
              "type": [
                "object",
                {
                  "path": "string"
                }
              ]
            },
            "defaults": null,
            "outputs": {
              "value": {
                "cicd_oidc_provider_arn": "arn:aws:iam::297195401389:oidc-provider/oidc.eks.ap-northeast-2.amazonaws.com/id/02246FD6D04998151FAE529D126E7907",
                "cicd_oidc_url": "https://oidc.eks.ap-northeast-2.amazonaws.com/id/02246FD6D04998151FAE529D126E7907",
                "service_oidc_provider_arn": "arn:aws:iam::297195401389:oidc-provider/oidc.eks.ap-northeast-2.amazonaws.com/id/3C2D83666AC459AAD129CBCA324B27CB",
                "service_oidc_url": "https://oidc.eks.ap-northeast-2.amazonaws.com/id/3C2D83666AC459AAD129CBCA324B27CB",
                "velero_irsa_role_arn": "arn:aws:iam::297195401389:role/velero-irsa-role"
              },
              "type": [
                "object",
                {
                  "cicd_oidc_provider_arn": "string",
                  "cicd_oidc_url": "string",
                  "service_oidc_provider_arn": "string",
                  "service_oidc_url": "string",
                  "velero_irsa_role_arn": "string"
                }
              ]
            },
            "workspace": null
          },
          "sensitive_attributes": [],
          "identity_schema_version": 0
        }
      ]
    },
    {
      "mode": "data",
      "type": "terraform_remote_state",
      "name": "service",
      "provider": "provider[\"terraform.io/builtin/terraform\"]",
      "instances": [
        {
          "schema_version": 0,
          "attributes": {
            "backend": "local",
            "config": {
              "value": {
                "path": "../eks/service/terraform.tfstate"
              },
              "type": [
                "object",
                {
                  "path": "string"
                }
              ]
            },
            "defaults": null,
            "outputs": {
              "value": {
                "cluster_certificate_authority_data": "LS0tLS1CRUdJTiBDRVJUSUZJQ0FURS0tLS0tCk1JSURCVENDQWUyZ0F3SUJBZ0lJVm5OQitsdVJVb0F3RFFZSktvWklodmNOQVFFTEJRQXdGVEVUTUJFR0ExVUUKQXhNS2EzVmlaWEp1WlhSbGN6QWVGdzB5TlRBMk1ESXdNVEU1TURGYUZ3MHpOVEExTXpFd01USTBNREZhTUJVeApFekFSQmdOVkJBTVRDbXQxWW1WeWJtVjBaWE13Z2dFaU1BMEdDU3FHU0liM0RRRUJBUVVBQTRJQkR3QXdnZ0VLCkFvSUJBUURiWS9jYVRUV2N6anpWTWd1TVdibzcrNEhSMURzejJaYUsydE1hbjY3TmxscWs4NlB2eU1MejJTVjYKeE9KZGJ3WEpaZjhUaXl3c2RtRWYzRlp5WkxDSk9jVXNlNlFtTHR0ZmNKYVlFMUl3TU5JMGJLQlplN1N1dW9LdwpuY3ByaUs3STBGQlp4eG5ZL0VEckJ0V2h6RUtxTkswbDJ2aHlid2tOVWtoR0g3eU90OHd4WXJLbnFaM29wMFp1Cmh2V0xhR3MyVE5NYkVXbXdmdDZrejVPSU0vRDkxRmY4aktybHRsbUxBbDBwUjE5STlMOE9mVGpVS3FpUEgxZW8KdlplSTlKKzFhbWRjcTdSNG14THFlcFJoMUFWR3FzMzdEUkRnZnU3WHVuTWQ3YTY5dTE0ZlM1T2xRdEtFS0R6dQp4MG03enI1SS9NdGZRY1Z4U1JCNVQvL2dWaTNIQWdNQkFBR2pXVEJYTUE0R0ExVWREd0VCL3dRRUF3SUNwREFQCkJnTlZIUk1CQWY4RUJUQURBUUgvTUIwR0ExVWREZ1FXQkJSRGdWZ0dlRVQ0a1lqYVpKTGdaRC85ZUM2aUNqQVYKQmdOVkhSRUVEakFNZ2dwcmRXSmxjbTVsZEdWek1BMEdDU3FHU0liM0RRRUJDd1VBQTRJQkFRQ0pwVEw5cjVnSwp1SXpwU0F1VEhiZlV2Um8yelFWVU9VaGNIdWxkUG10ek44UTZ4RmRiOGRhWUhlQ0g1ZW1KZkhpOUZTYW9Yd1lqCkpVakVjMWh0QWVRaEIzcHR0Snl4WnRvODBJZldmT3k1WTloMnpvWDFLYmZka0NrczFVUHlUeE1oNzhOYXVGT00KY3BOdCtrenlRejArZ0tNNTNmQmx1dURMaXlUeGRWblVpTFZONUtzTjlhRWY2R1RiVmc0STBUVTRqR3QwNElEVwpLU0lrdVNSeVlQSnkxVDg5dlhyeHQ1K3RYMHJuRlFFT1QrUXFOQytjZWFiNjg2eFovNWtKdldzazBGeWp4ckZmCmxXMElKY1lJdlVobFhTbFNFSlNMTC9vejUvZi9RM2hEUG0zcHNHdG5SaTNzUHZhbUtTRXQzUnBlNTdnK2RCajAKajl1TS9iem1teE1UCi0tLS0tRU5EIENFUlRJRklDQVRFLS0tLS0K",
                "cluster_endpoint": "https://3C2D83666AC459AAD129CBCA324B27CB.yl4.ap-northeast-2.eks.amazonaws.com",
                "cluster_name": "eks-service",
                "cluster_oidc_issuer_url": "https://oidc.eks.ap-northeast-2.amazonaws.com/id/3C2D83666AC459AAD129CBCA324B27CB",
                "cluster_security_group_id": "sg-07db7d1cc546101b8",
                "cluster_token": "k8s-aws-v1.aHR0cHM6Ly9zdHMuYXAtbm9ydGhlYXN0LTIuYW1hem9uYXdzLmNvbS8_QWN0aW9uPUdldENhbGxlcklkZW50aXR5JlZlcnNpb249MjAxMS0wNi0xNSZYLUFtei1BbGdvcml0aG09QVdTNC1ITUFDLVNIQTI1NiZYLUFtei1DcmVkZW50aWFsPUFLSUFVS01SWjZDV1lORU5IQjQ1JTJGMjAyNTA2MDIlMkZhcC1ub3J0aGVhc3QtMiUyRnN0cyUyRmF3czRfcmVxdWVzdCZYLUFtei1EYXRlPTIwMjUwNjAyVDAxMTkxNlomWC1BbXotRXhwaXJlcz0wJlgtQW16LVNpZ25lZEhlYWRlcnM9aG9zdCUzQngtazhzLWF3cy1pZCZYLUFtei1TaWduYXR1cmU9ODIwNTVmNTY3MzdiMmI1MTY2Y2YyZmIyOGI5MWVlOGI5OTZmOTAwNjdhZTRiZjZiMTdlODEzYzQ4ODA3MDhkMQ"
              },
              "type": [
                "object",
                {
                  "cluster_certificate_authority_data": "string",
                  "cluster_endpoint": "string",
                  "cluster_name": "string",
                  "cluster_oidc_issuer_url": "string",
                  "cluster_security_group_id": "string",
                  "cluster_token": "string"
                }
              ]
            },
            "workspace": null
          },
          "sensitive_attributes": [],
          "identity_schema_version": 0
        }
      ]
    },
    {
      "mode": "managed",
      "type": "helm_release",
      "name": "argocd",
      "provider": "provider[\"registry.terraform.io/hashicorp/helm\"].cicd",
      "instances": [
        {
          "schema_version": 1,
          "attributes": {
            "atomic": false,
            "chart": "argo-cd",
            "cleanup_on_fail": false,
            "create_namespace": false,
            "dependency_update": false,
            "description": null,
            "devel": null,
            "disable_crd_hooks": false,
            "disable_openapi_validation": false,
            "disable_webhooks": false,
            "force_update": false,
            "id": "argo-cd",
            "keyring": null,
            "lint": false,
            "manifest": null,
            "max_history": 0,
            "metadata": [
              {
                "app_version": "v2.9.3",
                "chart": "argo-cd",
                "first_deployed": 1748828918,
                "last_deployed": 1748828918,
                "name": "argo-cd",
                "namespace": "argocd",
                "notes": "\n\nIn order to access the server UI you have the following options:\n\n1. kubectl port-forward service/argo-cd-argocd-server -n argocd 8080:443\n\n    and then open the browser on http://localhost:8080 and accept the certificate\n\n2. enable ingress in the values file `server.ingress.enabled` and either\n      - Add the annotation for ssl passthrough: https://argo-cd.readthedocs.io/en/stable/operator-manual/ingress/#option-1-ssl-passthrough\n      - Set the `configs.params.\"server.insecure\"` in the values file and terminate SSL at your ingress: https://argo-cd.readthedocs.io/en/stable/operator-manual/ingress/#option-2-multiple-ingress-objects-and-hosts\n\n\nAfter reaching the UI the first time you can login with username: admin and the random password generated during the installation. You can find the password by running:\n\nkubectl -n argocd get secret argocd-initial-admin-secret -o jsonpath=\"{.data.password}\" | base64 -d\n\n(You should delete the initial secret afterwards as suggested by the Getting Started Guide: https://argo-cd.readthedocs.io/en/stable/getting_started/#4-login-using-the-cli)\n",
                "revision": 1,
                "values": "{}",
                "version": "5.51.6"
              }
            ],
            "name": "argo-cd",
            "namespace": "argocd",
            "pass_credentials": false,
            "postrender": [],
            "recreate_pods": false,
            "render_subchart_notes": true,
            "replace": false,
            "repository": "https://argoproj.github.io/argo-helm",
            "repository_ca_file": null,
            "repository_cert_file": null,
            "repository_key_file": null,
            "repository_password": null,
            "repository_username": null,
            "reset_values": false,
            "reuse_values": false,
            "set": [],
            "set_list": [],
            "set_sensitive": [],
            "skip_crds": false,
            "status": "deployed",
            "timeout": 300,
            "upgrade_install": null,
            "values": null,
            "verify": false,
            "version": "5.51.6",
            "wait": true,
            "wait_for_jobs": false
          },
          "sensitive_attributes": [
            [
              {
                "type": "get_attr",
                "value": "repository_password"
              }
            ]
          ],
          "identity_schema_version": 0,
          "private": "eyJzY2hlbWFfdmVyc2lvbiI6IjEifQ==",
          "dependencies": [
            "data.terraform_remote_state.cicd",
            "kubernetes_namespace.argocd"
          ]
        }
      ]
    },
    {
      "mode": "managed",
      "type": "kubernetes_namespace",
      "name": "argocd",
      "provider": "provider[\"registry.terraform.io/hashicorp/kubernetes\"].cicd",
      "instances": [
        {
          "schema_version": 0,
          "attributes": {
            "id": "argocd",
            "metadata": [
              {
                "annotations": null,
                "generate_name": "",
                "generation": 0,
                "labels": null,
                "name": "argocd",
                "resource_version": "4375",
                "uid": "532e11df-426a-4380-ad40-b62e568afe03"
              }
            ],
            "timeouts": null,
            "wait_for_default_service_account": false
          },
          "sensitive_attributes": [],
          "identity_schema_version": 0,
          "private": "eyJlMmJmYjczMC1lY2FhLTExZTYtOGY4OC0zNDM2M2JjN2M0YzAiOnsiZGVsZXRlIjozMDAwMDAwMDAwMDB9fQ==",
          "dependencies": [
            "data.terraform_remote_state.cicd"
          ]
        }
      ]
    }
  ],
  "check_results": null
}
