{
  "version": 4,
  "terraform_version": "1.12.1",
  "serial": 174,
  "lineage": "6ff43f10-3a8b-60e4-1875-199f91f56aef",
  "outputs": {
    "alb_controller_namespace": {
      "value": "alb-system",
      "type": "string"
    },
    "alb_controller_release_name": {
      "value": "aws-load-balancer-controller",
      "type": "string"
    },
    "argocd_namespace": {
      "value": "argocd",
      "type": "string"
    },
    "argocd_release_name": {
      "value": "argo-cd",
      "type": "string"
    },
    "prometheus_namespace": {
      "value": "monitoring",
      "type": "string"
    },
    "prometheus_release_name": {
      "value": "kube-prometheus-stack",
      "type": "string"
    },
    "vpc_id": {
      "value": "vpc-09042372303192441",
      "type": "string"
    }
  },
  "resources": [
    {
      "mode": "data",
      "type": "aws_eks_cluster_auth",
      "name": "cicd",
      "provider": "provider[\"registry.terraform.io/hashicorp/aws\"]",
      "instances": [
        {
          "schema_version": 0,
          "attributes": {
            "id": "eks-chickpay-cicd",
            "name": "eks-chickpay-cicd",
            "token": "k8s-aws-v1.aHR0cHM6Ly9zdHMuYXAtbm9ydGhlYXN0LTIuYW1hem9uYXdzLmNvbS8_QWN0aW9uPUdldENhbGxlcklkZW50aXR5JlZlcnNpb249MjAxMS0wNi0xNSZYLUFtei1BbGdvcml0aG09QVdTNC1ITUFDLVNIQTI1NiZYLUFtei1DcmVkZW50aWFsPUFLSUFVS01SWjZDV1lORU5IQjQ1JTJGMjAyNTA2MDclMkZhcC1ub3J0aGVhc3QtMiUyRnN0cyUyRmF3czRfcmVxdWVzdCZYLUFtei1EYXRlPTIwMjUwNjA3VDE1MjUzMFomWC1BbXotRXhwaXJlcz0wJlgtQW16LVNpZ25lZEhlYWRlcnM9aG9zdCUzQngtazhzLWF3cy1pZCZYLUFtei1TaWduYXR1cmU9ZmRiNGRjN2I2YzczNzQ5NTJmYjE2YmU1NmQ3ODQ2MjE3M2Y3NzFiNzJkOGJkODI5ZmMxZWMyZmUzNjZkOWNmYQ"
          },
          "sensitive_attributes": [
            [
              {
                "type": "get_attr",
                "value": "token"
              }
            ]
          ],
          "identity_schema_version": 0
        }
      ]
    },
    {
      "mode": "data",
      "type": "aws_eks_cluster_auth",
      "name": "service",
      "provider": "provider[\"registry.terraform.io/hashicorp/aws\"]",
      "instances": [
        {
          "schema_version": 0,
          "attributes": {
            "id": "eks-chickpay-service",
            "name": "eks-chickpay-service",
            "token": "k8s-aws-v1.aHR0cHM6Ly9zdHMuYXAtbm9ydGhlYXN0LTIuYW1hem9uYXdzLmNvbS8_QWN0aW9uPUdldENhbGxlcklkZW50aXR5JlZlcnNpb249MjAxMS0wNi0xNSZYLUFtei1BbGdvcml0aG09QVdTNC1ITUFDLVNIQTI1NiZYLUFtei1DcmVkZW50aWFsPUFLSUFVS01SWjZDV1lORU5IQjQ1JTJGMjAyNTA2MDclMkZhcC1ub3J0aGVhc3QtMiUyRnN0cyUyRmF3czRfcmVxdWVzdCZYLUFtei1EYXRlPTIwMjUwNjA3VDE1MjUzMFomWC1BbXotRXhwaXJlcz0wJlgtQW16LVNpZ25lZEhlYWRlcnM9aG9zdCUzQngtazhzLWF3cy1pZCZYLUFtei1TaWduYXR1cmU9M2UzZGI3MjBhNDc0NzEwMDZhY2NmZGM4ZTEyYTAyMTYyNDE3MWU2MjI2MjY1NTA3MjZmYmIwMDRiNTllNzM3OQ"
          },
          "sensitive_attributes": [
            [
              {
                "type": "get_attr",
                "value": "token"
              }
            ]
          ],
          "identity_schema_version": 0
        }
      ]
    },
    {
      "mode": "data",
      "type": "terraform_remote_state",
      "name": "cicd",
      "provider": "provider[\"terraform.io/builtin/terraform\"]",
      "instances": [
        {
          "schema_version": 0,
          "attributes": {
            "backend": "local",
            "config": {
              "value": {
                "path": "../eks/cicd/terraform.tfstate"
              },
              "type": [
                "object",
                {
                  "path": "string"
                }
              ]
            },
            "defaults": null,
            "outputs": {
              "value": {
                "cluster_certificate_authority_data": "LS0tLS1CRUdJTiBDRVJUSUZJQ0FURS0tLS0tCk1JSURCVENDQWUyZ0F3SUJBZ0lJR2szdTBPQXVwcHN3RFFZSktvWklodmNOQVFFTEJRQXdGVEVUTUJFR0ExVUUKQXhNS2EzVmlaWEp1WlhSbGN6QWVGdzB5TlRBMk1EY3hOVEEzTXpWYUZ3MHpOVEEyTURVeE5URXlNelZhTUJVeApFekFSQmdOVkJBTVRDbXQxWW1WeWJtVjBaWE13Z2dFaU1BMEdDU3FHU0liM0RRRUJBUVVBQTRJQkR3QXdnZ0VLCkFvSUJBUURWSFdmR0R4RTV3Wktnc0d4cm91TzNZTVRQOWViY3BHWkxLYjRkVS9QVUNyZ0syUHBkbTVRWnB4by8KRlZKd1lEMk1WUkZEN091VmlxSkwyMGtVUDIwSVEwQ3czZkdiTUJNNUZXampsVWExUmVsdmRDY1kvOC9OSSsrVQorb1RIRnJBZE9XdWQ2QnhYak5sRmpibTNTNUF2VDJPLzJuY0J3TVA2T2RrNCszZ1JES3hiMG10dG1OTEtWaFNDCk5nV21udmE2WnY3UkYvSkNwdzFIcjFxT3g5RjJYb1dZY0NWRHRlTDE3aDc5RzJQdkt0YU9YeEpOMjZqNlVMN1QKNEFyUnVlQlJiQ1FZVFVmczQwZ2JQK2pudnE4UlhwNGRVM0g4N29QeUx4MmorKzNnWTQxVXFWZzRsMDdiNmtDSgp5RUY3elh6NXBrSjlCUTBFUDJPb1pmYVNpQTJwQWdNQkFBR2pXVEJYTUE0R0ExVWREd0VCL3dRRUF3SUNwREFQCkJnTlZIUk1CQWY4RUJUQURBUUgvTUIwR0ExVWREZ1FXQkJUL1RyalhwRVRwS0p1N3phVEhzS29kSjRSd2REQVYKQmdOVkhSRUVEakFNZ2dwcmRXSmxjbTVsZEdWek1BMEdDU3FHU0liM0RRRUJDd1VBQTRJQkFRQXB3bXF2Z2xpSApJZ2FBbkNBVnduL2l4bW92cTRRZWVuSnhqa0ZTUjZLaGtITDloNWcrRTVIZlVQSlRSSTYrQktmQlRrS3I2ekZHCjZBVXpkOWFaSkgvWktyckZjUmFvMzZMUGs4MmFWZmNBL1VwM2NERGwxVEJydzI1dHUySjhhbGJocGlWTmJiUEoKTUlOeUpMdVoyZElXRHVIWU9RVVdqYVFPNHczdGVIbWNtRnFZdE1vNlhHOXRXTEt5ejJrbFlaSFdEc2VweDhtRApDRDJFTW40Z1djK2hhakVmUWQ0a29vWVdMQWIvV0lqZHR0U0JIVEVWU2VYWld1amlSNUFnRXNnVmNUeG9jbTlQCjVrQnppcVhjeGF5Ry9aQ0R2cUQvL2w5Y25hZXRrcWJoMHU1Mm1ndElRZHZRUGszb2FYZUI4REJ3Y0NDU2FqUlYKUEtGUEFmWjVMZlBjCi0tLS0tRU5EIENFUlRJRklDQVRFLS0tLS0K",
                "cluster_endpoint": "https://6381B2AA4617E0164D2238A3E845C955.gr7.ap-northeast-2.eks.amazonaws.com",
                "cluster_name": "eks-chickpay-cicd",
                "cluster_oidc_issuer_url": "https://oidc.eks.ap-northeast-2.amazonaws.com/id/6381B2AA4617E0164D2238A3E845C955",
                "cluster_security_group_id": "sg-081ca2b21cbee50ca",
                "cluster_token": "k8s-aws-v1.aHR0cHM6Ly9zdHMuYXAtbm9ydGhlYXN0LTIuYW1hem9uYXdzLmNvbS8_QWN0aW9uPUdldENhbGxlcklkZW50aXR5JlZlcnNpb249MjAxMS0wNi0xNSZYLUFtei1BbGdvcml0aG09QVdTNC1ITUFDLVNIQTI1NiZYLUFtei1DcmVkZW50aWFsPUFLSUFVS01SWjZDV1lORU5IQjQ1JTJGMjAyNTA2MDclMkZhcC1ub3J0aGVhc3QtMiUyRnN0cyUyRmF3czRfcmVxdWVzdCZYLUFtei1EYXRlPTIwMjUwNjA3VDE1MDc1NFomWC1BbXotRXhwaXJlcz0wJlgtQW16LVNpZ25lZEhlYWRlcnM9aG9zdCUzQngtazhzLWF3cy1pZCZYLUFtei1TaWduYXR1cmU9NzYxZWE4N2JhMjRiNmVmZDA3NDA0Y2MyMjk0YTYzM2E5MjEyNGZkZTE2YWI5MGYyNGIxYTJmMDkzNTFkZTBhYQ"
              },
              "type": [
                "object",
                {
                  "cluster_certificate_authority_data": "string",
                  "cluster_endpoint": "string",
                  "cluster_name": "string",
                  "cluster_oidc_issuer_url": "string",
                  "cluster_security_group_id": "string",
                  "cluster_token": "string"
                }
              ]
            },
            "workspace": null
          },
          "sensitive_attributes": [],
          "identity_schema_version": 0
        }
      ]
    },
    {
      "mode": "data",
      "type": "terraform_remote_state",
      "name": "iam",
      "provider": "provider[\"terraform.io/builtin/terraform\"]",
      "instances": [
        {
          "schema_version": 0,
          "attributes": {
            "backend": "local",
            "config": {
              "value": {
                "path": "../iam/terraform.tfstate"
              },
              "type": [
                "object",
                {
                  "path": "string"
                }
              ]
            },
            "defaults": null,
            "outputs": {
              "value": {
                "cicd_oidc_provider_arn": "arn:aws:iam::297195401389:oidc-provider/oidc.eks.ap-northeast-2.amazonaws.com/id/6381B2AA4617E0164D2238A3E845C955",
                "cicd_oidc_url": "https://oidc.eks.ap-northeast-2.amazonaws.com/id/6381B2AA4617E0164D2238A3E845C955",
                "service_oidc_provider_arn": "arn:aws:iam::297195401389:oidc-provider/oidc.eks.ap-northeast-2.amazonaws.com/id/7320739C2B0DA9CE9120959ED9BB6E31",
                "service_oidc_url": "https://oidc.eks.ap-northeast-2.amazonaws.com/id/7320739C2B0DA9CE9120959ED9BB6E31"
              },
              "type": [
                "object",
                {
                  "cicd_oidc_provider_arn": "string",
                  "cicd_oidc_url": "string",
                  "service_oidc_provider_arn": "string",
                  "service_oidc_url": "string"
                }
              ]
            },
            "workspace": null
          },
          "sensitive_attributes": [],
          "identity_schema_version": 0
        }
      ]
    },
    {
      "mode": "data",
      "type": "terraform_remote_state",
      "name": "service",
      "provider": "provider[\"terraform.io/builtin/terraform\"]",
      "instances": [
        {
          "schema_version": 0,
          "attributes": {
            "backend": "local",
            "config": {
              "value": {
                "path": "../eks/service/terraform.tfstate"
              },
              "type": [
                "object",
                {
                  "path": "string"
                }
              ]
            },
            "defaults": null,
            "outputs": {
              "value": {
                "cluster_certificate_authority_data": "LS0tLS1CRUdJTiBDRVJUSUZJQ0FURS0tLS0tCk1JSURCVENDQWUyZ0F3SUJBZ0lJVDVuQ3NrM05XSUl3RFFZSktvWklodmNOQVFFTEJRQXdGVEVUTUJFR0ExVUUKQXhNS2EzVmlaWEp1WlhSbGN6QWVGdzB5TlRBMk1EY3hOVEE0TlRkYUZ3MHpOVEEyTURVeE5URXpOVGRhTUJVeApFekFSQmdOVkJBTVRDbXQxWW1WeWJtVjBaWE13Z2dFaU1BMEdDU3FHU0liM0RRRUJBUVVBQTRJQkR3QXdnZ0VLCkFvSUJBUUNpL25qVnoxTDF5UDFpbThhY09vcFAzdHVZazJiZ2pNY1c4d2pWOW9ZdXhLT2pjSlhlRkNHdkUzRHUKV2Y0M3gyajRtTDhiVEg1T0F6Y0grYlNsbGY0V0JJbnZUYjRkVEEvWHNIQkFuQktwY1I3eEhNdXBNa01jQWVQNwpKL3lFUmVSUUdGakZ4K1FiNnByK2M1MytjaVhTMGZCNkRmWXlUQXY0RGtWMFgvRmIwZnVCZTR5UGlEMDN2RTZpCkNWbUp2OVR2L3lVbmRsM1VsalBic2pLLzlVUE1IYmhneVFLMUZSTCsvZGNyM2V5azdGM1RSVk92akw4S3ZBUWsKKzBrYU0zZTFJQUNvd0t4bEI3dHJrTEMvL2txeU9XQStmaDFRQWJnY0NWMldGUjJhZUwwWnkwK1FmYVJRT25WUwp4N1FmZ2NtenY4MnNhcVBSVGxZZDdGRGJMT1F6QWdNQkFBR2pXVEJYTUE0R0ExVWREd0VCL3dRRUF3SUNwREFQCkJnTlZIUk1CQWY4RUJUQURBUUgvTUIwR0ExVWREZ1FXQkJUUlJ0YXpwMEE3L055OEVuV3hlT01uT1ZDVjJ6QVYKQmdOVkhSRUVEakFNZ2dwcmRXSmxjbTVsZEdWek1BMEdDU3FHU0liM0RRRUJDd1VBQTRJQkFRQWRUNmJiL2NiOQoreG9KK1EvekxmSWxoWWNmdGdDNWVDemFqaFA0T3dwWVNDaUlYa0NWTUlYMVphTDYvSGYwTnlWMGMxcmo4RnFWCnpJTWRVYmtxT2NNbmNHS0Yza2Z0dXRnVTAzZ3cvMExwVFhxcmQ4U3FVbUx3ZGhFNnZxMU1NWTB1N2kwZlZBWHMKaXdXcDFvYTRMUVAzWHA5RzlaNzhlV1hTcnMxRGttSHVzRzE2Q0tiYVoxWlo2ZEpUVElJUTdwM1hac0U4MzRpRQpMaW9obG1BRFhTcUxNNGQxUStiOGcvRS9lRU9QUURDU2NKbVhHT0VTaFpMSllnQ2swSUIrOEZjcVpyOXA1YTZrClJ0aFk0eTl3VVEvWEtmdnREaWZ5amdFR1I4OTZ2U2JVLzJBb3J0V1VlUDRWdW1EQmJiQUwzZzJ4Yzg2MjY4MjkKQkZYeVlGaUtDMkZZCi0tLS0tRU5EIENFUlRJRklDQVRFLS0tLS0K",
                "cluster_endpoint": "https://7320739C2B0DA9CE9120959ED9BB6E31.yl4.ap-northeast-2.eks.amazonaws.com",
                "cluster_name": "eks-chickpay-service",
                "cluster_oidc_issuer_url": "https://oidc.eks.ap-northeast-2.amazonaws.com/id/7320739C2B0DA9CE9120959ED9BB6E31",
                "cluster_security_group_id": "sg-00622156cf4d82724",
                "cluster_token": "k8s-aws-v1.aHR0cHM6Ly9zdHMuYXAtbm9ydGhlYXN0LTIuYW1hem9uYXdzLmNvbS8_QWN0aW9uPUdldENhbGxlcklkZW50aXR5JlZlcnNpb249MjAxMS0wNi0xNSZYLUFtei1BbGdvcml0aG09QVdTNC1ITUFDLVNIQTI1NiZYLUFtei1DcmVkZW50aWFsPUFLSUFVS01SWjZDV1lORU5IQjQ1JTJGMjAyNTA2MDclMkZhcC1ub3J0aGVhc3QtMiUyRnN0cyUyRmF3czRfcmVxdWVzdCZYLUFtei1EYXRlPTIwMjUwNjA3VDE1MDkwNlomWC1BbXotRXhwaXJlcz0wJlgtQW16LVNpZ25lZEhlYWRlcnM9aG9zdCUzQngtazhzLWF3cy1pZCZYLUFtei1TaWduYXR1cmU9MWE0MWQ5YzU0NDQ0ZjgyNTkwYjljOWM3ZjI1MWZmZTc3ZjhmMzU3NzUxZTBmNmE5ZWFjZmNhNjNmZGRiYTU0OQ",
                "vpc_id": "vpc-09042372303192441"
              },
              "type": [
                "object",
                {
                  "cluster_certificate_authority_data": "string",
                  "cluster_endpoint": "string",
                  "cluster_name": "string",
                  "cluster_oidc_issuer_url": "string",
                  "cluster_security_group_id": "string",
                  "cluster_token": "string",
                  "vpc_id": "string"
                }
              ]
            },
            "workspace": null
          },
          "sensitive_attributes": [],
          "identity_schema_version": 0
        }
      ]
    },
    {
      "mode": "data",
      "type": "terraform_remote_state",
      "name": "vpc",
      "provider": "provider[\"terraform.io/builtin/terraform\"]",
      "instances": [
        {
          "schema_version": 0,
          "attributes": {
            "backend": "local",
            "config": {
              "value": {
                "path": "../vpc/terraform.tfstate"
              },
              "type": [
                "object",
                {
                  "path": "string"
                }
              ]
            },
            "defaults": null,
            "outputs": {
              "value": {
                "private_subnet_ids": [
                  "subnet-05ae9da7399c6e68b",
                  "subnet-0a8fe36e011f3879f"
                ],
                "public_subnet_ids": [
                  "subnet-0ecae23837bbf7881",
                  "subnet-0bad925fd95bd4d8d"
                ],
                "vpc_id": "vpc-09042372303192441"
              },
              "type": [
                "object",
                {
                  "private_subnet_ids": ["tuple", ["string", "string"]],
                  "public_subnet_ids": ["tuple", ["string", "string"]],
                  "vpc_id": "string"
                }
              ]
            },
            "workspace": null
          },
          "sensitive_attributes": [],
          "identity_schema_version": 0
        }
      ]
    },
    {
      "mode": "managed",
      "type": "helm_release",
      "name": "argocd",
      "provider": "provider[\"registry.terraform.io/hashicorp/helm\"].cicd",
      "instances": [
        {
          "schema_version": 1,
          "attributes": {
            "atomic": false,
            "chart": "argo-cd",
            "cleanup_on_fail": false,
            "create_namespace": false,
            "dependency_update": false,
            "description": null,
            "devel": null,
            "disable_crd_hooks": false,
            "disable_openapi_validation": false,
            "disable_webhooks": false,
            "force_update": false,
            "id": "argo-cd",
            "keyring": null,
            "lint": false,
            "manifest": null,
            "max_history": 0,
            "metadata": [
              {
                "app_version": "v2.9.3",
                "chart": "argo-cd",
                "first_deployed": 1749309942,
                "last_deployed": 1749309942,
                "name": "argo-cd",
                "namespace": "argocd",
                "notes": "\n\nIn order to access the server UI you have the following options:\n\n1. kubectl port-forward service/argo-cd-argocd-server -n argocd 8080:443\n\n    and then open the browser on http://localhost:8080 and accept the certificate\n\n2. enable ingress in the values file `server.ingress.enabled` and either\n      - Add the annotation for ssl passthrough: https://argo-cd.readthedocs.io/en/stable/operator-manual/ingress/#option-1-ssl-passthrough\n      - Set the `configs.params.\"server.insecure\"` in the values file and terminate SSL at your ingress: https://argo-cd.readthedocs.io/en/stable/operator-manual/ingress/#option-2-multiple-ingress-objects-and-hosts\n\n\nAfter reaching the UI the first time you can login with username: admin and the random password generated during the installation. You can find the password by running:\n\nkubectl -n argocd get secret argocd-initial-admin-secret -o jsonpath=\"{.data.password}\" | base64 -d\n\n(You should delete the initial secret afterwards as suggested by the Getting Started Guide: https://argo-cd.readthedocs.io/en/stable/getting_started/#4-login-using-the-cli)\n",
                "revision": 1,
                "values": "{}",
                "version": "5.51.6"
              }
            ],
            "name": "argo-cd",
            "namespace": "argocd",
            "pass_credentials": false,
            "postrender": [],
            "recreate_pods": false,
            "render_subchart_notes": true,
            "replace": false,
            "repository": "https://argoproj.github.io/argo-helm",
            "repository_ca_file": null,
            "repository_cert_file": null,
            "repository_key_file": null,
            "repository_password": null,
            "repository_username": null,
            "reset_values": false,
            "reuse_values": false,
            "set": [],
            "set_list": [],
            "set_sensitive": [],
            "skip_crds": false,
            "status": "deployed",
            "timeout": 300,
            "upgrade_install": null,
            "values": null,
            "verify": false,
            "version": "5.51.6",
            "wait": true,
            "wait_for_jobs": false
          },
          "sensitive_attributes": [
            [
              {
                "type": "get_attr",
                "value": "repository_password"
              }
            ]
          ],
          "identity_schema_version": 0,
          "private": "eyJzY2hlbWFfdmVyc2lvbiI6IjEifQ==",
          "dependencies": [
            "data.aws_eks_cluster_auth.cicd",
            "data.terraform_remote_state.cicd",
            "kubernetes_namespace.argocd"
          ]
        }
      ]
    },
    {
      "mode": "managed",
      "type": "helm_release",
      "name": "aws_load_balancer_controller",
      "provider": "provider[\"registry.terraform.io/hashicorp/helm\"].service",
      "instances": [
        {
          "status": "tainted",
          "schema_version": 1,
          "attributes": {
            "atomic": false,
            "chart": "aws-load-balancer-controller",
            "cleanup_on_fail": false,
            "create_namespace": false,
            "dependency_update": false,
            "description": null,
            "devel": null,
            "disable_crd_hooks": false,
            "disable_openapi_validation": false,
            "disable_webhooks": false,
            "force_update": false,
            "id": "aws-load-balancer-controller",
            "keyring": null,
            "lint": false,
            "manifest": null,
            "max_history": 0,
            "metadata": [
              {
                "app_version": "v2.7.1",
                "chart": "aws-load-balancer-controller",
                "first_deployed": 1749309940,
                "last_deployed": 1749309940,
                "name": "aws-load-balancer-controller",
                "namespace": "alb-system",
                "notes": "AWS Load Balancer controller installed!\n",
                "revision": 1,
                "values": "{\"clusterName\":\"eks-chickpay-service\",\"region\":\"ap-northeast-2\",\"serviceAccount\":{\"create\":false,\"name\":\"aws-load-balancer-controller\"},\"vpcId\":\"vpc-09042372303192441\"}",
                "version": "1.7.1"
              }
            ],
            "name": "aws-load-balancer-controller",
            "namespace": "alb-system",
            "pass_credentials": false,
            "postrender": [],
            "recreate_pods": false,
            "render_subchart_notes": true,
            "replace": false,
            "repository": "https://aws.github.io/eks-charts",
            "repository_ca_file": null,
            "repository_cert_file": null,
            "repository_key_file": null,
            "repository_password": null,
            "repository_username": null,
            "reset_values": false,
            "reuse_values": false,
            "set": [
              {
                "name": "clusterName",
                "type": "",
                "value": "eks-chickpay-service"
              },
              {
                "name": "region",
                "type": "",
                "value": "ap-northeast-2"
              },
              {
                "name": "serviceAccount.create",
                "type": "",
                "value": "false"
              },
              {
                "name": "serviceAccount.name",
                "type": "",
                "value": "aws-load-balancer-controller"
              },
              {
                "name": "vpcId",
                "type": "",
                "value": "vpc-09042372303192441"
              }
            ],
            "set_list": [],
            "set_sensitive": [],
            "skip_crds": false,
            "status": "failed",
            "timeout": 300,
            "upgrade_install": null,
            "values": null,
            "verify": false,
            "version": "1.7.1",
            "wait": true,
            "wait_for_jobs": false
          },
          "sensitive_attributes": [
            [
              {
                "type": "get_attr",
                "value": "repository_password"
              }
            ]
          ],
          "identity_schema_version": 0,
          "private": "eyJzY2hlbWFfdmVyc2lvbiI6IjEifQ==",
          "dependencies": [
            "data.aws_eks_cluster_auth.service",
            "data.terraform_remote_state.service",
            "kubernetes_namespace.alb"
          ]
        }
      ]
    },
    {
      "mode": "managed",
      "type": "kubernetes_namespace",
      "name": "alb",
      "provider": "provider[\"registry.terraform.io/hashicorp/kubernetes\"].service",
      "instances": [
        {
          "schema_version": 0,
          "attributes": {
            "id": "alb-system",
            "metadata": [
              {
                "annotations": null,
                "generate_name": "",
                "generation": 0,
                "labels": null,
                "name": "alb-system",
                "resource_version": "2302",
                "uid": "3e9b945e-2661-478a-8a17-0ea979fbbb1e"
              }
            ],
            "timeouts": null,
            "wait_for_default_service_account": false
          },
          "sensitive_attributes": [],
          "identity_schema_version": 0,
          "private": "eyJlMmJmYjczMC1lY2FhLTExZTYtOGY4OC0zNDM2M2JjN2M0YzAiOnsiZGVsZXRlIjozMDAwMDAwMDAwMDB9fQ==",
          "dependencies": [
            "data.aws_eks_cluster_auth.service",
            "data.terraform_remote_state.service"
          ]
        }
      ]
    },
    {
      "mode": "managed",
      "type": "kubernetes_namespace",
      "name": "argocd",
      "provider": "provider[\"registry.terraform.io/hashicorp/kubernetes\"].cicd",
      "instances": [
        {
          "schema_version": 0,
          "attributes": {
            "id": "argocd",
            "metadata": [
              {
                "annotations": null,
                "generate_name": "",
                "generation": 0,
                "labels": null,
                "name": "argocd",
                "resource_version": "2498",
                "uid": "7bd490a7-0768-4466-bc1a-03fb6e4e9efd"
              }
            ],
            "timeouts": null,
            "wait_for_default_service_account": false
          },
          "sensitive_attributes": [],
          "identity_schema_version": 0,
          "private": "eyJlMmJmYjczMC1lY2FhLTExZTYtOGY4OC0zNDM2M2JjN2M0YzAiOnsiZGVsZXRlIjozMDAwMDAwMDAwMDB9fQ==",
          "dependencies": [
            "data.aws_eks_cluster_auth.cicd",
            "data.terraform_remote_state.cicd"
          ]
        }
      ]
    },
    {
      "mode": "managed",
      "type": "kubernetes_namespace",
      "name": "monitoring",
      "provider": "provider[\"registry.terraform.io/hashicorp/kubernetes\"].service",
      "instances": [
        {
          "schema_version": 0,
          "attributes": {
            "id": "monitoring",
            "metadata": [
              {
                "annotations": null,
                "generate_name": "",
                "generation": 0,
                "labels": null,
                "name": "monitoring",
                "resource_version": "2301",
                "uid": "1ead7d6c-fe0e-4365-9c5c-c576c1711543"
              }
            ],
            "timeouts": null,
            "wait_for_default_service_account": false
          },
          "sensitive_attributes": [],
          "identity_schema_version": 0,
          "private": "eyJlMmJmYjczMC1lY2FhLTExZTYtOGY4OC0zNDM2M2JjN2M0YzAiOnsiZGVsZXRlIjozMDAwMDAwMDAwMDB9fQ==",
          "dependencies": [
            "data.aws_eks_cluster_auth.service",
            "data.terraform_remote_state.service"
          ]
        }
      ]
    }
  ],
  "check_results": null
}
