{
  "version": 4,
  "terraform_version": "1.12.1",
  "serial": 316,
  "lineage": "6ff43f10-3a8b-60e4-1875-199f91f56aef",
  "outputs": {
    "argocd_namespace": {
      "value": "argocd",
      "type": "string"
    },
    "argocd_release_name": {
      "value": "argo-cd",
      "type": "string"
    },
    "grafana_namespace": {
      "value": "grafana",
      "type": "string"
    },
    "grafana_release_name": {
      "value": "grafana",
      "type": "string"
    },
    "prometheus_namespace": {
      "value": "monitoring",
      "type": "string"
    },
    "vpc_id": {
      "value": "vpc-04c0a129785987422",
      "type": "string"
    }
  },
  "resources": [
    {
      "mode": "data",
      "type": "aws_eks_cluster_auth",
      "name": "cicd",
      "provider": "provider[\"registry.terraform.io/hashicorp/aws\"]",
      "instances": [
        {
          "schema_version": 0,
          "attributes": {
            "id": "eks-chickpay-cicd",
            "name": "eks-chickpay-cicd",
            "token": "k8s-aws-v1.aHR0cHM6Ly9zdHMuYXAtbm9ydGhlYXN0LTIuYW1hem9uYXdzLmNvbS8_QWN0aW9uPUdldENhbGxlcklkZW50aXR5JlZlcnNpb249MjAxMS0wNi0xNSZYLUFtei1BbGdvcml0aG09QVdTNC1ITUFDLVNIQTI1NiZYLUFtei1DcmVkZW50aWFsPUFLSUFVS01SWjZDV1lORU5IQjQ1JTJGMjAyNTA2MTMlMkZhcC1ub3J0aGVhc3QtMiUyRnN0cyUyRmF3czRfcmVxdWVzdCZYLUFtei1EYXRlPTIwMjUwNjEzVDE4MjU0MlomWC1BbXotRXhwaXJlcz0wJlgtQW16LVNpZ25lZEhlYWRlcnM9aG9zdCUzQngtazhzLWF3cy1pZCZYLUFtei1TaWduYXR1cmU9ZjA0ZjFkNThjZGMzMGY5YmY1MWUzYjEwMDlkODFiYTg0OGIwYmI1NzQzZjY2NDk2Y2QxOWQwZGQxMDliMTIxNg"
          },
          "sensitive_attributes": [
            [
              {
                "type": "get_attr",
                "value": "token"
              }
            ]
          ],
          "identity_schema_version": 0
        }
      ]
    },
    {
      "mode": "data",
      "type": "aws_eks_cluster_auth",
      "name": "service",
      "provider": "provider[\"registry.terraform.io/hashicorp/aws\"]",
      "instances": [
        {
          "schema_version": 0,
          "attributes": {
            "id": "eks-chickpay-service",
            "name": "eks-chickpay-service",
            "token": "k8s-aws-v1.aHR0cHM6Ly9zdHMuYXAtbm9ydGhlYXN0LTIuYW1hem9uYXdzLmNvbS8_QWN0aW9uPUdldENhbGxlcklkZW50aXR5JlZlcnNpb249MjAxMS0wNi0xNSZYLUFtei1BbGdvcml0aG09QVdTNC1ITUFDLVNIQTI1NiZYLUFtei1DcmVkZW50aWFsPUFLSUFVS01SWjZDV1lORU5IQjQ1JTJGMjAyNTA2MTMlMkZhcC1ub3J0aGVhc3QtMiUyRnN0cyUyRmF3czRfcmVxdWVzdCZYLUFtei1EYXRlPTIwMjUwNjEzVDE4MjU0MlomWC1BbXotRXhwaXJlcz0wJlgtQW16LVNpZ25lZEhlYWRlcnM9aG9zdCUzQngtazhzLWF3cy1pZCZYLUFtei1TaWduYXR1cmU9MjZmY2I2ODJmMDk1MzNjNjNiYWY0MTZhYjM2YzBiODU1YjBkYjE2YWI5MzA4ZDQwMGZmYjZjNGQ2NzY1NjkwNQ"
          },
          "sensitive_attributes": [
            [
              {
                "type": "get_attr",
                "value": "token"
              }
            ]
          ],
          "identity_schema_version": 0
        }
      ]
    },
    {
      "mode": "data",
      "type": "terraform_remote_state",
      "name": "cicd",
      "provider": "provider[\"terraform.io/builtin/terraform\"]",
      "instances": [
        {
          "schema_version": 0,
          "attributes": {
            "backend": "local",
            "config": {
              "value": {
                "path": "../eks/cicd/terraform.tfstate"
              },
              "type": [
                "object",
                {
                  "path": "string"
                }
              ]
            },
            "defaults": null,
            "outputs": {
              "value": {
                "cluster_certificate_authority_data": "LS0tLS1CRUdJTiBDRVJUSUZJQ0FURS0tLS0tCk1JSURCVENDQWUyZ0F3SUJBZ0lJTm0xRmE3dnUyNXd3RFFZSktvWklodmNOQVFFTEJRQXdGVEVUTUJFR0ExVUUKQXhNS2EzVmlaWEp1WlhSbGN6QWVGdzB5TlRBMk1URXdOek13TkRoYUZ3MHpOVEEyTURrd056TTFORGhhTUJVeApFekFSQmdOVkJBTVRDbXQxWW1WeWJtVjBaWE13Z2dFaU1BMEdDU3FHU0liM0RRRUJBUVVBQTRJQkR3QXdnZ0VLCkFvSUJBUURhdUxNWDBUYUdOamZlckFmUzFscGhWZlc1N1RjbzhCeTlDNkh0T0NDTjdHdExrWkR5NTJEOGc1clMKUGVHeWd6Wk52Zi9zUW5haWo5ZHpjTHZUM21xWitBUzlMOFBvRDJDS3ByZWhiREVFZVNBZDc3ZGVEZXlqQmpPUApOOHBDWDgxTGJzOWg3dXN2YkhoTVBvQlQwZko0OXVoV2VsNTRUeE16N3dOdjFyU21ZT3Z1ZjM1c2Z6ZVVpMENjCi9rdFZEZC9BNXl0TElVdjh4Wldsay9hWlFmNGFnREZPbVk2REFzdG9rZ3k4NzlvYXczQTE0dGtMUzNLOXpQQU4KNlFBWlBkWnNoMERvZWNRRWZmMHRoZlZ6NUNReUg5MzJITi96Q3E2Z3FscGsyTktiVCtxam9rejRGVk9RSEw4UApRK1lPNVpRMzg2OXkvbENueCswN09OQXVSZHVYQWdNQkFBR2pXVEJYTUE0R0ExVWREd0VCL3dRRUF3SUNwREFQCkJnTlZIUk1CQWY4RUJUQURBUUgvTUIwR0ExVWREZ1FXQkJRWmtwM202cTFlaEkrNGhuK2pwMDBHalcvcFdEQVYKQmdOVkhSRUVEakFNZ2dwcmRXSmxjbTVsZEdWek1BMEdDU3FHU0liM0RRRUJDd1VBQTRJQkFRQmx3N28wclU0SApCVjU0bnE3RHVweWtVVVZBRDJXUXJpUzBmaENpdU9rYlJjcyt0TWtXY25SL3Bwa2lXL2tncGF6M2pEQlkyTzhGCkNhS0JKTzkwVkNpZ1pDVG5FV0ZFMXM2bEpXbHJjcEo5dHJTaDBqSmpZN1cvWjI0TFl4TVF4ZGxFRy9vVnlHWHIKRHdzSkdlUERRTDIxVGF0bVoyZnRIRG40NGRzVnhtNjlDMU5yNkpqeUV4Vnozdi8xU2tsY1JlSDBlMHg3VXprNQpNdW16S1VaVWFDQ1djbVRlMURKQ2RGTjBIZEpwSUR5OUE5ZzJieEN1dnBzUWI0ZUVRTEh0Ykk4b0c1SHlBMUVVCk9YY2ZEM24rUFNoNGovd2ZHT3RUekJCZVZqTnVBYUFXOWVQNmY1TkY2aG1YekV4bFcwREhTS1BBV0tYNE8zaGoKOTduWEJsYVBpU0xTCi0tLS0tRU5EIENFUlRJRklDQVRFLS0tLS0K",
                "cluster_endpoint": "https://2A57652E44E34381E50EF3DAB1C67FF7.gr7.ap-northeast-2.eks.amazonaws.com",
                "cluster_name": "eks-chickpay-cicd",
                "cluster_oidc_issuer_url": "https://oidc.eks.ap-northeast-2.amazonaws.com/id/2A57652E44E34381E50EF3DAB1C67FF7",
                "cluster_security_group_id": "sg-094a0ab0fdb60146f",
                "cluster_token": "k8s-aws-v1.aHR0cHM6Ly9zdHMuYXAtbm9ydGhlYXN0LTIuYW1hem9uYXdzLmNvbS8_QWN0aW9uPUdldENhbGxlcklkZW50aXR5JlZlcnNpb249MjAxMS0wNi0xNSZYLUFtei1BbGdvcml0aG09QVdTNC1ITUFDLVNIQTI1NiZYLUFtei1DcmVkZW50aWFsPUFLSUFVS01SWjZDV1lORU5IQjQ1JTJGMjAyNTA2MTIlMkZhcC1ub3J0aGVhc3QtMiUyRnN0cyUyRmF3czRfcmVxdWVzdCZYLUFtei1EYXRlPTIwMjUwNjEyVDA3MDI0MFomWC1BbXotRXhwaXJlcz0wJlgtQW16LVNpZ25lZEhlYWRlcnM9aG9zdCUzQngtazhzLWF3cy1pZCZYLUFtei1TaWduYXR1cmU9N2VmNTY4NzQzZjgwM2Q0OGYwZjA0MzdhNDBjMjYxMWJjMTYyOTVkYjgxMWRkMzZjMWY5MjM5NzMwZjViNjRhYw"
              },
              "type": [
                "object",
                {
                  "cluster_certificate_authority_data": "string",
                  "cluster_endpoint": "string",
                  "cluster_name": "string",
                  "cluster_oidc_issuer_url": "string",
                  "cluster_security_group_id": "string",
                  "cluster_token": "string"
                }
              ]
            },
            "workspace": null
          },
          "sensitive_attributes": [],
          "identity_schema_version": 0
        }
      ]
    },
    {
      "mode": "data",
      "type": "terraform_remote_state",
      "name": "iam",
      "provider": "provider[\"terraform.io/builtin/terraform\"]",
      "instances": [
        {
          "schema_version": 0,
          "attributes": {
            "backend": "local",
            "config": {
              "value": {
                "path": "../iam/terraform.tfstate"
              },
              "type": [
                "object",
                {
                  "path": "string"
                }
              ]
            },
            "defaults": null,
            "outputs": {
              "value": {
                "cicd_oidc_provider_arn": "arn:aws:iam::297195401389:oidc-provider/oidc.eks.ap-northeast-2.amazonaws.com/id/B53E08A8241B14940736F0CFBF26AE8E",
                "cicd_oidc_url": "https://oidc.eks.ap-northeast-2.amazonaws.com/id/B53E08A8241B14940736F0CFBF26AE8E",
                "service_oidc_provider_arn": "arn:aws:iam::297195401389:oidc-provider/oidc.eks.ap-northeast-2.amazonaws.com/id/60C76E55CDD386C4D4CA5B1B56471117",
                "service_oidc_url": "https://oidc.eks.ap-northeast-2.amazonaws.com/id/60C76E55CDD386C4D4CA5B1B56471117"
              },
              "type": [
                "object",
                {
                  "cicd_oidc_provider_arn": "string",
                  "cicd_oidc_url": "string",
                  "service_oidc_provider_arn": "string",
                  "service_oidc_url": "string"
                }
              ]
            },
            "workspace": null
          },
          "sensitive_attributes": [],
          "identity_schema_version": 0
        }
      ]
    },
    {
      "mode": "data",
      "type": "terraform_remote_state",
      "name": "service",
      "provider": "provider[\"terraform.io/builtin/terraform\"]",
      "instances": [
        {
          "schema_version": 0,
          "attributes": {
            "backend": "local",
            "config": {
              "value": {
                "path": "../eks/service/terraform.tfstate"
              },
              "type": [
                "object",
                {
                  "path": "string"
                }
              ]
            },
            "defaults": null,
            "outputs": {
              "value": {
                "cluster_certificate_authority_data": "LS0tLS1CRUdJTiBDRVJUSUZJQ0FURS0tLS0tCk1JSURCVENDQWUyZ0F3SUJBZ0lJT2hlbHNzUGpxalV3RFFZSktvWklodmNOQVFFTEJRQXdGVEVUTUJFR0ExVUUKQXhNS2EzVmlaWEp1WlhSbGN6QWVGdzB5TlRBMk1URXdOVEl3TVRkYUZ3MHpOVEEyTURrd05USTFNVGRhTUJVeApFekFSQmdOVkJBTVRDbXQxWW1WeWJtVjBaWE13Z2dFaU1BMEdDU3FHU0liM0RRRUJBUVVBQTRJQkR3QXdnZ0VLCkFvSUJBUURSdDR2R1d4Vk5qQU5heWVwN2dNeE1ZclgxNzJWMEVGR0tIeHdZQm5xNDdLTXRZQU0zUTU0VUV6S20KamhzNXRQWGpHcmJncS8xeUIzMTlJMFdYSEU5M0JmelgwRGNaUElwdW1JU3FoUjR4QytYQVBWTExVNXJZRXpJQQo1TFVBTkk2OUVTYnN5T0w3bWpLMUJYRkhkWEZyajdJYTZ4WHhGNFBpN05yZmY2UFpySzA5ZnBZU0xlaVd2NXVsClEyUUk3Nno1UVJHeEt4aHJvRVAwR1lSSVRqcTVtU2hRTGx6QWNxVVZIbHBPUXFBTlZjRzAyNDFwMFFmdmw4ZHgKODlKdGNsTytIRTdSZVplWWFCV3VGS2l6UkJPdjRPa3c5RFBkeGpVM0llRGZhRjVvTXZ4U2p1RlQyQUkxQ2ZJZwpQU1I4TFMwcnBZVllXZDhPSEJlSDIvS1RVOGc5QWdNQkFBR2pXVEJYTUE0R0ExVWREd0VCL3dRRUF3SUNwREFQCkJnTlZIUk1CQWY4RUJUQURBUUgvTUIwR0ExVWREZ1FXQkJTcm55K1lRbGF0QitOYkZWTUozMjRkS1RNelZqQVYKQmdOVkhSRUVEakFNZ2dwcmRXSmxjbTVsZEdWek1BMEdDU3FHU0liM0RRRUJDd1VBQTRJQkFRQ2lneFlDSyszbQpQRFV0eDZoRG1zRVNIakRBL01DcjR2SThYVXpFakEzL3RFQXliMGtORUg3NHNxWmRPUHVJNFFscnpWRU1SbjhkClRkbXYyUVFkYXl3d2IxZ0paMEtkYWY1Z1orQ0kwVjVTZjZySzErQWFNdjZublJmWCtjZUp5TGtacHZCVnppbFAKelg5VVlDcGQ2bENxVFVGVmNESHVMNUJ4KzJCSjA0YWhrTnJFVnZtRWdITDJncitZR1pNN0dqUkt3MkVYVkFqTwoxOC9TVE91UVRYZ3A1cDZURXZDMXY3NnF2bWpzL3dhejQ5UzQxUVZFcDBxeEQ2T1FEN3ZndzVLWmlnZTYyWXN3ClJlbkljQ2ZwckdESEdvc3YxMC93KzlMaXRGbHJhVmNKRWYxUE03a0J3ZEQxYzhEVWpUWjRWcjJxVzAweGhrOU0KQWUwbEl5Z2VGTFpnCi0tLS0tRU5EIENFUlRJRklDQVRFLS0tLS0K",
                "cluster_endpoint": "https://1787859437E70739232777A69E3505F0.gr7.ap-northeast-2.eks.amazonaws.com",
                "cluster_name": "eks-chickpay-service",
                "cluster_oidc_issuer_url": "https://oidc.eks.ap-northeast-2.amazonaws.com/id/1787859437E70739232777A69E3505F0",
                "cluster_security_group_id": "sg-0bd6aaa3b7f5d095c",
                "cluster_token": "k8s-aws-v1.aHR0cHM6Ly9zdHMuYXAtbm9ydGhlYXN0LTIuYW1hem9uYXdzLmNvbS8_QWN0aW9uPUdldENhbGxlcklkZW50aXR5JlZlcnNpb249MjAxMS0wNi0xNSZYLUFtei1BbGdvcml0aG09QVdTNC1ITUFDLVNIQTI1NiZYLUFtei1DcmVkZW50aWFsPUFLSUFVS01SWjZDV1lORU5IQjQ1JTJGMjAyNTA2MTIlMkZhcC1ub3J0aGVhc3QtMiUyRnN0cyUyRmF3czRfcmVxdWVzdCZYLUFtei1EYXRlPTIwMjUwNjEyVDE2NTE1NFomWC1BbXotRXhwaXJlcz0wJlgtQW16LVNpZ25lZEhlYWRlcnM9aG9zdCUzQngtazhzLWF3cy1pZCZYLUFtei1TaWduYXR1cmU9MjQ3OGFlZWRiMjUxNWM4NTZkMTcwMjA2NGRjOTYxODQ4YmYzOGZhN2NhYmQzNDk4Yjk0YWNjMDU1ZTRmZjdhYg",
                "oidc_provider_arn": "arn:aws:iam::297195401389:oidc-provider/oidc.eks.ap-northeast-2.amazonaws.com/id/1787859437E70739232777A69E3505F0",
                "oidc_provider_url": "oidc.eks.ap-northeast-2.amazonaws.com/id/1787859437E70739232777A69E3505F0",
                "vpc_id": "vpc-04c0a129785987422"
              },
              "type": [
                "object",
                {
                  "cluster_certificate_authority_data": "string",
                  "cluster_endpoint": "string",
                  "cluster_name": "string",
                  "cluster_oidc_issuer_url": "string",
                  "cluster_security_group_id": "string",
                  "cluster_token": "string",
                  "oidc_provider_arn": "string",
                  "oidc_provider_url": "string",
                  "vpc_id": "string"
                }
              ]
            },
            "workspace": null
          },
          "sensitive_attributes": [],
          "identity_schema_version": 0
        }
      ]
    },
    {
      "mode": "data",
      "type": "terraform_remote_state",
      "name": "vpc",
      "provider": "provider[\"terraform.io/builtin/terraform\"]",
      "instances": [
        {
          "schema_version": 0,
          "attributes": {
            "backend": "local",
            "config": {
              "value": {
                "path": "../vpc/terraform.tfstate"
              },
              "type": [
                "object",
                {
                  "path": "string"
                }
              ]
            },
            "defaults": null,
            "outputs": {
              "value": {
                "private_subnet_ids": [
                  "subnet-07c50fbb488103be4",
                  "subnet-08553b05a0297ac3f"
                ],
                "public_subnet_ids": [
                  "subnet-0c6cda4f29da81a4d",
                  "subnet-0643e2e887ca329d9"
                ],
                "vpc_id": "vpc-04c0a129785987422"
              },
              "type": [
                "object",
                {
                  "private_subnet_ids": [
                    "tuple",
                    [
                      "string",
                      "string"
                    ]
                  ],
                  "public_subnet_ids": [
                    "tuple",
                    [
                      "string",
                      "string"
                    ]
                  ],
                  "vpc_id": "string"
                }
              ]
            },
            "workspace": null
          },
          "sensitive_attributes": [],
          "identity_schema_version": 0
        }
      ]
    },
    {
      "mode": "managed",
      "type": "aws_iam_role",
      "name": "adot_amp",
      "provider": "provider[\"registry.terraform.io/hashicorp/aws\"]",
      "instances": [
        {
          "schema_version": 0,
          "attributes": {
            "arn": "arn:aws:iam::297195401389:role/adot-amp-role",
            "assume_role_policy": "{\"Statement\":[{\"Action\":\"sts:AssumeRoleWithWebIdentity\",\"Condition\":{\"StringEquals\":{\"oidc.eks.ap-northeast-2.amazonaws.com/id/1787859437E70739232777A69E3505F0:sub\":\"system:serviceaccount:monitoring:adot-collector-sa\"}},\"Effect\":\"Allow\",\"Principal\":{\"Federated\":\"arn:aws:iam::297195401389:oidc-provider/oidc.eks.ap-northeast-2.amazonaws.com/id/1787859437E70739232777A69E3505F0\"}}],\"Version\":\"2012-10-17\"}",
            "create_date": "2025-06-12T16:17:21Z",
            "description": "",
            "force_detach_policies": false,
            "id": "adot-amp-role",
            "inline_policy": [],
            "managed_policy_arns": [
              "arn:aws:iam::aws:policy/AmazonPrometheusRemoteWriteAccess"
            ],
            "max_session_duration": 3600,
            "name": "adot-amp-role",
            "name_prefix": "",
            "path": "/",
            "permissions_boundary": "",
            "tags": {},
            "tags_all": {},
            "unique_id": "AROAUKMRZ6CW4MIDF6Y7W"
          },
          "sensitive_attributes": [],
          "identity_schema_version": 0,
          "private": "bnVsbA==",
          "dependencies": [
            "data.terraform_remote_state.service"
          ]
        }
      ]
    },
    {
      "mode": "managed",
      "type": "aws_iam_role_policy_attachment",
      "name": "adot_amp_attach",
      "provider": "provider[\"registry.terraform.io/hashicorp/aws\"]",
      "instances": [
        {
          "schema_version": 0,
          "attributes": {
            "id": "adot-amp-role-20250612161723373600000001",
            "policy_arn": "arn:aws:iam::aws:policy/AmazonPrometheusRemoteWriteAccess",
            "role": "adot-amp-role"
          },
          "sensitive_attributes": [],
          "identity_schema_version": 0,
          "private": "bnVsbA==",
          "dependencies": [
            "aws_iam_role.adot_amp",
            "data.terraform_remote_state.service"
          ]
        }
      ]
    },
    {
      "mode": "managed",
      "type": "aws_prometheus_workspace",
      "name": "main",
      "provider": "provider[\"registry.terraform.io/hashicorp/aws\"]",
      "instances": [
        {
          "schema_version": 0,
          "attributes": {
            "alias": "my-eks-amp",
            "arn": "arn:aws:aps:ap-northeast-2:297195401389:workspace/ws-51644ca3-8dfd-4b5e-ae78-ea46e34c48f8",
            "id": "ws-51644ca3-8dfd-4b5e-ae78-ea46e34c48f8",
            "kms_key_arn": "",
            "logging_configuration": [],
            "prometheus_endpoint": "https://aps-workspaces.ap-northeast-2.amazonaws.com/workspaces/ws-51644ca3-8dfd-4b5e-ae78-ea46e34c48f8/",
            "tags": {},
            "tags_all": {}
          },
          "sensitive_attributes": [],
          "identity_schema_version": 0,
          "private": "bnVsbA=="
        }
      ]
    },
    {
      "mode": "managed",
      "type": "helm_release",
      "name": "adot_collector",
      "provider": "provider[\"registry.terraform.io/hashicorp/helm\"].service",
      "instances": [
        {
          "schema_version": 1,
          "attributes": {
            "atomic": false,
            "chart": "adot-exporter-for-eks-on-ec2",
            "cleanup_on_fail": false,
            "create_namespace": false,
            "dependency_update": false,
            "description": null,
            "devel": null,
            "disable_crd_hooks": false,
            "disable_openapi_validation": false,
            "disable_webhooks": false,
            "force_update": false,
            "id": "adot-exporter-for-eks-on-ec2",
            "keyring": null,
            "lint": false,
            "manifest": null,
            "max_history": 0,
            "metadata": [
              {
                "app_version": "0.37.0",
                "chart": "adot-exporter-for-eks-on-ec2",
                "first_deployed": 1749752142,
                "last_deployed": 1749835816,
                "name": "adot-exporter-for-eks-on-ec2",
                "namespace": "monitoring",
                "notes": "Thank you for installing adot-exporter-for-eks-on-ec2.\n\nYour release is named adot-exporter-for-eks-on-ec2.\n\nTo learn more about the release, try:\n\n  $ helm status adot-exporter-for-eks-on-ec2\n  $ helm get all adot-exporter-for-eks-on-ec2",
                "revision": 2,
                "values": "{\"clusterName\":\"eks-chickpay-service\",\"exporters\":{\"awsprometheusremotewrite\":{\"endpoint\":\"https://aps-workspaces.ap-northeast-2.amazonaws.com/workspaces/ws-51644ca3-8dfd-4b5e-ae78-ea46e34c48f8\"}},\"mode\":\"deployment\",\"receivers\":{\"prometheus\":{\"config\":{\"scrape_configs\":[{\"job_name\":\"kubelet\",\"kubernetes_sd_configs\":[{\"role\":\"node\"}]}]}}},\"region\":\"ap-northeast-2\",\"service\":{\"pipelines\":{\"metrics\":{\"exporters\":[\"awsprometheusremotewrite\"],\"receivers\":[\"prometheus\"]}}},\"serviceAccount\":{\"annotations\":{\"eks.amazonaws.com/role-arn\":\"arn:aws:aps:ap-northeast-2:297195401389:workspace/ws-51644ca3-8dfd-4b5e-ae78-ea46e34c48f8\"},\"create\":true,\"name\":\"adot-collector-sa\"}}",
                "version": "0.22.0"
              }
            ],
            "name": "adot-exporter-for-eks-on-ec2",
            "namespace": "monitoring",
            "pass_credentials": false,
            "postrender": [],
            "recreate_pods": false,
            "render_subchart_notes": true,
            "replace": false,
            "repository": "https://aws-observability.github.io/aws-otel-helm-charts",
            "repository_ca_file": null,
            "repository_cert_file": null,
            "repository_key_file": null,
            "repository_password": null,
            "repository_username": null,
            "reset_values": false,
            "reuse_values": false,
            "set": [],
            "set_list": [],
            "set_sensitive": [],
            "skip_crds": false,
            "status": "deployed",
            "timeout": 600,
            "upgrade_install": null,
            "values": [
              "mode: deployment\r\nclusterName: eks-chickpay-service\r\nregion: ap-northeast-2\r\n\r\nserviceAccount:\r\n  create: true\r\n  name: adot-collector-sa\r\n  annotations:\r\n    eks.amazonaws.com/role-arn: arn:aws:aps:ap-northeast-2:297195401389:workspace/ws-51644ca3-8dfd-4b5e-ae78-ea46e34c48f8\r\n\r\nreceivers:\r\n  prometheus:\r\n    config:\r\n      scrape_configs:\r\n        - job_name: 'kubelet'\r\n          kubernetes_sd_configs:\r\n            - role: node\r\n\r\nexporters:\r\n  awsprometheusremotewrite:\r\n    endpoint: https://aps-workspaces.ap-northeast-2.amazonaws.com/workspaces/ws-51644ca3-8dfd-4b5e-ae78-ea46e34c48f8\r\n\r\nservice:\r\n  pipelines:\r\n    metrics:\r\n      receivers: [prometheus]\r\n      exporters: [awsprometheusremotewrite]\r\n"
            ],
            "verify": false,
            "version": "0.22.0",
            "wait": true,
            "wait_for_jobs": false
          },
          "sensitive_attributes": [
            [
              {
                "type": "get_attr",
                "value": "repository_password"
              }
            ]
          ],
          "identity_schema_version": 0,
          "private": "eyJzY2hlbWFfdmVyc2lvbiI6IjEifQ==",
          "dependencies": [
            "aws_iam_role.adot_amp",
            "aws_prometheus_workspace.main",
            "data.aws_eks_cluster_auth.service",
            "data.terraform_remote_state.service",
            "kubernetes_namespace.monitoring"
          ]
        }
      ]
    },
    {
      "mode": "managed",
      "type": "helm_release",
      "name": "argocd",
      "provider": "provider[\"registry.terraform.io/hashicorp/helm\"].cicd",
      "instances": [
        {
          "schema_version": 1,
          "attributes": {
            "atomic": false,
            "chart": "argo-cd",
            "cleanup_on_fail": false,
            "create_namespace": false,
            "dependency_update": false,
            "description": null,
            "devel": null,
            "disable_crd_hooks": false,
            "disable_openapi_validation": false,
            "disable_webhooks": false,
            "force_update": false,
            "id": "argo-cd",
            "keyring": null,
            "lint": false,
            "manifest": null,
            "max_history": 0,
            "metadata": [
              {
                "app_version": "v2.9.3",
                "chart": "argo-cd",
                "first_deployed": 1749719471,
                "last_deployed": 1749719471,
                "name": "argo-cd",
                "namespace": "argocd",
                "notes": "\n\nIn order to access the server UI you have the following options:\n\n1. kubectl port-forward service/argo-cd-argocd-server -n argocd 8080:443\n\n    and then open the browser on http://localhost:8080 and accept the certificate\n\n2. enable ingress in the values file `server.ingress.enabled` and either\n      - Add the annotation for ssl passthrough: https://argo-cd.readthedocs.io/en/stable/operator-manual/ingress/#option-1-ssl-passthrough\n      - Set the `configs.params.\"server.insecure\"` in the values file and terminate SSL at your ingress: https://argo-cd.readthedocs.io/en/stable/operator-manual/ingress/#option-2-multiple-ingress-objects-and-hosts\n\n\nAfter reaching the UI the first time you can login with username: admin and the random password generated during the installation. You can find the password by running:\n\nkubectl -n argocd get secret argocd-initial-admin-secret -o jsonpath=\"{.data.password}\" | base64 -d\n\n(You should delete the initial secret afterwards as suggested by the Getting Started Guide: https://argo-cd.readthedocs.io/en/stable/getting_started/#4-login-using-the-cli)\n",
                "revision": 1,
                "values": "{}",
                "version": "5.51.6"
              }
            ],
            "name": "argo-cd",
            "namespace": "argocd",
            "pass_credentials": false,
            "postrender": [],
            "recreate_pods": false,
            "render_subchart_notes": true,
            "replace": false,
            "repository": "https://argoproj.github.io/argo-helm",
            "repository_ca_file": null,
            "repository_cert_file": null,
            "repository_key_file": null,
            "repository_password": null,
            "repository_username": null,
            "reset_values": false,
            "reuse_values": false,
            "set": [],
            "set_list": [],
            "set_sensitive": [],
            "skip_crds": false,
            "status": "deployed",
            "timeout": 300,
            "upgrade_install": null,
            "values": null,
            "verify": false,
            "version": "5.51.6",
            "wait": true,
            "wait_for_jobs": false
          },
          "sensitive_attributes": [
            [
              {
                "type": "get_attr",
                "value": "repository_password"
              }
            ]
          ],
          "identity_schema_version": 0,
          "private": "eyJzY2hlbWFfdmVyc2lvbiI6IjEifQ==",
          "dependencies": [
            "data.aws_eks_cluster_auth.cicd",
            "data.terraform_remote_state.cicd",
            "kubernetes_namespace.argocd"
          ]
        }
      ]
    },
    {
      "mode": "managed",
      "type": "helm_release",
      "name": "aws_load_balancer_controller",
      "provider": "provider[\"registry.terraform.io/hashicorp/helm\"].service",
      "instances": [
        {
          "schema_version": 1,
          "attributes": {
            "atomic": false,
            "chart": "aws-load-balancer-controller",
            "cleanup_on_fail": false,
            "create_namespace": false,
            "dependency_update": false,
            "description": null,
            "devel": null,
            "disable_crd_hooks": false,
            "disable_openapi_validation": false,
            "disable_webhooks": false,
            "force_update": false,
            "id": "aws-load-balancer-controller",
            "keyring": null,
            "lint": false,
            "manifest": null,
            "max_history": 0,
            "metadata": [
              {
                "app_version": "v2.7.1",
                "chart": "aws-load-balancer-controller",
                "first_deployed": 1749635388,
                "last_deployed": 1749635388,
                "name": "aws-load-balancer-controller",
                "namespace": "kube-system",
                "notes": "AWS Load Balancer controller installed!\n",
                "revision": 1,
                "values": "{\"clusterName\":\"eks-chickpay-service\",\"region\":\"ap-northeast-2\",\"serviceAccount\":{\"annotations\":{\"eks.amazonaws.com/role-arn\":\"arn:aws:iam::297195401389:role/AmazonEKSLoadBalancerControllerRole\"},\"create\":false,\"name\":\"aws-load-balancer-controller\"},\"vpcId\":\"vpc-04c0a129785987422\"}",
                "version": "1.7.1"
              }
            ],
            "name": "aws-load-balancer-controller",
            "namespace": "kube-system",
            "pass_credentials": false,
            "postrender": [],
            "recreate_pods": false,
            "render_subchart_notes": true,
            "replace": false,
            "repository": "https://aws.github.io/eks-charts",
            "repository_ca_file": null,
            "repository_cert_file": null,
            "repository_key_file": null,
            "repository_password": null,
            "repository_username": null,
            "reset_values": false,
            "reuse_values": false,
            "set": [
              {
                "name": "clusterName",
                "type": "",
                "value": "eks-chickpay-service"
              },
              {
                "name": "region",
                "type": "",
                "value": "ap-northeast-2"
              },
              {
                "name": "serviceAccount.annotations.eks\\.amazonaws\\.com/role-arn",
                "type": "",
                "value": "arn:aws:iam::297195401389:role/AmazonEKSLoadBalancerControllerRole"
              },
              {
                "name": "serviceAccount.create",
                "type": "",
                "value": "false"
              },
              {
                "name": "serviceAccount.name",
                "type": "",
                "value": "aws-load-balancer-controller"
              },
              {
                "name": "vpcId",
                "type": "",
                "value": "vpc-04c0a129785987422"
              }
            ],
            "set_list": [],
            "set_sensitive": [],
            "skip_crds": false,
            "status": "deployed",
            "timeout": 300,
            "upgrade_install": null,
            "values": null,
            "verify": false,
            "version": "1.7.1",
            "wait": true,
            "wait_for_jobs": false
          },
          "sensitive_attributes": [
            [
              {
                "type": "get_attr",
                "value": "repository_password"
              }
            ]
          ],
          "identity_schema_version": 0,
          "private": "eyJzY2hlbWFfdmVyc2lvbiI6IjEifQ==",
          "dependencies": [
            "data.aws_eks_cluster_auth.service",
            "data.terraform_remote_state.service",
            "kubernetes_service_account.alb_controller"
          ]
        }
      ]
    },
    {
      "mode": "managed",
      "type": "helm_release",
      "name": "grafana",
      "provider": "provider[\"registry.terraform.io/hashicorp/helm\"].service",
      "instances": [
        {
          "schema_version": 1,
          "attributes": {
            "atomic": false,
            "chart": "grafana",
            "cleanup_on_fail": false,
            "create_namespace": false,
            "dependency_update": false,
            "description": null,
            "devel": null,
            "disable_crd_hooks": false,
            "disable_openapi_validation": false,
            "disable_webhooks": false,
            "force_update": false,
            "id": "grafana",
            "keyring": null,
            "lint": false,
            "manifest": null,
            "max_history": 0,
            "metadata": [
              {
                "app_version": "10.4.1",
                "chart": "grafana",
                "first_deployed": 1749778046,
                "last_deployed": 1749839170,
                "name": "grafana",
                "namespace": "grafana",
                "notes": "1. Get your 'admin' user password by running:\n\n   kubectl get secret --namespace grafana grafana -o jsonpath=\"{.data.admin-password}\" | base64 --decode ; echo\n\n\n2. The Grafana server can be accessed via port 80 on the following DNS name from within your cluster:\n\n   grafana.grafana.svc.cluster.local\n\n   Get the Grafana URL to visit by running these commands in the same shell:\n   NOTE: It may take a few minutes for the LoadBalancer IP to be available.\n        You can watch the status of by running 'kubectl get svc --namespace grafana -w grafana'\n     export SERVICE_IP=$(kubectl get svc --namespace grafana grafana -o jsonpath='{.status.loadBalancer.ingress[0].ip}')\n     http://$SERVICE_IP:80\n\n3. Login with the password from step 1 and the username: admin\n",
                "revision": 5,
                "values": "{\"adminPassword\":\"changeme\",\"adminUser\":\"admin\",\"persistence\":{\"enabled\":true,\"size\":\"5Gi\"},\"service\":{\"type\":\"LoadBalancer\"}}",
                "version": "7.3.9"
              }
            ],
            "name": "grafana",
            "namespace": "grafana",
            "pass_credentials": false,
            "postrender": [],
            "recreate_pods": false,
            "render_subchart_notes": true,
            "replace": false,
            "repository": "https://grafana.github.io/helm-charts",
            "repository_ca_file": null,
            "repository_cert_file": null,
            "repository_key_file": null,
            "repository_password": null,
            "repository_username": null,
            "reset_values": false,
            "reuse_values": false,
            "set": [
              {
                "name": "adminPassword",
                "type": "",
                "value": "changeme"
              },
              {
                "name": "adminUser",
                "type": "",
                "value": "admin"
              },
              {
                "name": "persistence.enabled",
                "type": "",
                "value": "true"
              },
              {
                "name": "persistence.size",
                "type": "",
                "value": "5Gi"
              },
              {
                "name": "service.type",
                "type": "",
                "value": "LoadBalancer"
              }
            ],
            "set_list": [],
            "set_sensitive": [],
            "skip_crds": false,
            "status": "deployed",
            "timeout": 600,
            "upgrade_install": null,
            "values": null,
            "verify": false,
            "version": "7.3.9",
            "wait": true,
            "wait_for_jobs": false
          },
          "sensitive_attributes": [
            [
              {
                "type": "get_attr",
                "value": "repository_password"
              }
            ]
          ],
          "identity_schema_version": 0,
          "private": "eyJzY2hlbWFfdmVyc2lvbiI6IjEifQ==",
          "dependencies": [
            "data.aws_eks_cluster_auth.service",
            "data.terraform_remote_state.service",
            "kubernetes_namespace.grafana"
          ]
        }
      ]
    },
    {
      "mode": "managed",
      "type": "helm_release",
      "name": "velero",
      "provider": "provider[\"registry.terraform.io/hashicorp/helm\"].cicd",
      "instances": [
        {
          "schema_version": 1,
          "attributes": {
            "atomic": false,
            "chart": "velero",
            "cleanup_on_fail": false,
            "create_namespace": false,
            "dependency_update": false,
            "description": null,
            "devel": null,
            "disable_crd_hooks": false,
            "disable_openapi_validation": false,
            "disable_webhooks": false,
            "force_update": false,
            "id": "velero",
            "keyring": null,
            "lint": false,
            "manifest": null,
            "max_history": 0,
            "metadata": [
              {
                "app_version": "1.13.2",
                "chart": "velero",
                "first_deployed": 1749720016,
                "last_deployed": 1749720016,
                "name": "velero",
                "namespace": "velero",
                "notes": "Check that the velero is up and running:\n\n    kubectl get deployment/velero -n velero\n\nCheck that the secret has been created:\n\n    kubectl get secret/velero -n velero\n\nOnce velero server is up and running you need the client before you can use it\n1. wget https://github.com/vmware-tanzu/velero/releases/download/v1.13.2/velero-v1.13.2-darwin-amd64.tar.gz\n2. tar -xvf velero-v1.13.2-darwin-amd64.tar.gz -C velero-client\n\nMore info on the official site: https://velero.io/docs\n",
                "revision": 1,
                "values": "{\"configuration\":{\"backupStorageLocation\":[{\"bucket\":\"chickpay-backup\",\"config\":{\"region\":\"ap-northeast-2\"},\"name\":\"default\",\"provider\":\"aws\"}],\"volumeSnapshotLocation\":[{\"name\":\"default\",\"provider\":\"aws\"}]}}",
                "version": "6.5.0"
              }
            ],
            "name": "velero",
            "namespace": "velero",
            "pass_credentials": false,
            "postrender": [],
            "recreate_pods": false,
            "render_subchart_notes": true,
            "replace": false,
            "repository": "https://vmware-tanzu.github.io/helm-charts",
            "repository_ca_file": null,
            "repository_cert_file": null,
            "repository_key_file": null,
            "repository_password": null,
            "repository_username": null,
            "reset_values": false,
            "reuse_values": false,
            "set": [
              {
                "name": "configuration.backupStorageLocation[0].bucket",
                "type": "",
                "value": "chickpay-backup"
              },
              {
                "name": "configuration.backupStorageLocation[0].config.region",
                "type": "",
                "value": "ap-northeast-2"
              },
              {
                "name": "configuration.backupStorageLocation[0].name",
                "type": "",
                "value": "default"
              },
              {
                "name": "configuration.backupStorageLocation[0].provider",
                "type": "",
                "value": "aws"
              },
              {
                "name": "configuration.volumeSnapshotLocation[0].name",
                "type": "",
                "value": "default"
              },
              {
                "name": "configuration.volumeSnapshotLocation[0].provider",
                "type": "",
                "value": "aws"
              }
            ],
            "set_list": [],
            "set_sensitive": [],
            "skip_crds": false,
            "status": "deployed",
            "timeout": 300,
            "upgrade_install": null,
            "values": null,
            "verify": false,
            "version": "6.5.0",
            "wait": true,
            "wait_for_jobs": false
          },
          "sensitive_attributes": [
            [
              {
                "type": "get_attr",
                "value": "repository_password"
              }
            ]
          ],
          "identity_schema_version": 0,
          "private": "eyJzY2hlbWFfdmVyc2lvbiI6IjEifQ==",
          "dependencies": [
            "data.aws_eks_cluster_auth.cicd",
            "data.terraform_remote_state.cicd",
            "kubernetes_namespace.velero"
          ]
        }
      ]
    },
    {
      "mode": "managed",
      "type": "kubernetes_config_map",
      "name": "grafana_datasource",
      "provider": "provider[\"registry.terraform.io/hashicorp/kubernetes\"].service",
      "instances": [
        {
          "schema_version": 0,
          "attributes": {
            "binary_data": {},
            "data": {
              "prometheus.yaml": "\"apiVersion\": 1\n\"datasources\":\n- \"access\": \"proxy\"\n  \"jsonData\":\n    \"sigV4Auth\": true\n    \"sigV4AuthType\": \"default\"\n    \"sigV4Region\": \"ap-northeast-2\"\n  \"name\": \"AMP\"\n  \"type\": \"prometheus\"\n  \"url\": \"https://aps-workspaces.ap-northeast-2.amazonaws.com/workspaces/ws-51644ca3-8dfd-4b5e-ae78-ea46e34c48f8\"\n"
            },
            "id": "grafana/grafana-datasources",
            "immutable": false,
            "metadata": [
              {
                "annotations": {},
                "generate_name": "",
                "generation": 0,
                "labels": {
                  "grafana_datasource": "1"
                },
                "name": "grafana-datasources",
                "namespace": "grafana",
                "resource_version": "657117",
                "uid": "fe526be2-19d9-4396-8431-0d9678d34b18"
              }
            ]
          },
          "sensitive_attributes": [],
          "identity_schema_version": 1,
          "identity": {
            "api_version": "v1",
            "kind": "ConfigMap",
            "name": "grafana-datasources",
            "namespace": "grafana"
          },
          "private": "bnVsbA==",
          "dependencies": [
            "aws_prometheus_workspace.main",
            "data.aws_eks_cluster_auth.service",
            "data.terraform_remote_state.service",
            "helm_release.grafana",
            "kubernetes_namespace.grafana"
          ]
        }
      ]
    },
    {
      "mode": "managed",
      "type": "kubernetes_namespace",
      "name": "argocd",
      "provider": "provider[\"registry.terraform.io/hashicorp/kubernetes\"].cicd",
      "instances": [
        {
          "schema_version": 0,
          "attributes": {
            "id": "argocd",
            "metadata": [
              {
                "annotations": {},
                "generate_name": "",
                "generation": 0,
                "labels": {},
                "name": "argocd",
                "resource_version": "1687",
                "uid": "e21a29ba-4bf7-4e58-a3b5-22ff188e30aa"
              }
            ],
            "timeouts": null,
            "wait_for_default_service_account": false
          },
          "sensitive_attributes": [],
          "identity_schema_version": 0,
          "private": "eyJlMmJmYjczMC1lY2FhLTExZTYtOGY4OC0zNDM2M2JjN2M0YzAiOnsiZGVsZXRlIjozMDAwMDAwMDAwMDB9fQ==",
          "dependencies": [
            "data.aws_eks_cluster_auth.cicd",
            "data.terraform_remote_state.cicd"
          ]
        }
      ]
    },
    {
      "mode": "managed",
      "type": "kubernetes_namespace",
      "name": "grafana",
      "provider": "provider[\"registry.terraform.io/hashicorp/kubernetes\"].service",
      "instances": [
        {
          "schema_version": 0,
          "attributes": {
            "id": "grafana",
            "metadata": [
              {
                "annotations": {},
                "generate_name": "",
                "generation": 0,
                "labels": {},
                "name": "grafana",
                "resource_version": "23949",
                "uid": "6df6b88d-1c6c-4737-bfdb-68e5435d8feb"
              }
            ],
            "timeouts": null,
            "wait_for_default_service_account": false
          },
          "sensitive_attributes": [],
          "identity_schema_version": 0,
          "private": "eyJlMmJmYjczMC1lY2FhLTExZTYtOGY4OC0zNDM2M2JjN2M0YzAiOnsiZGVsZXRlIjozMDAwMDAwMDAwMDB9fQ==",
          "dependencies": [
            "data.aws_eks_cluster_auth.service",
            "data.terraform_remote_state.service"
          ]
        }
      ]
    },
    {
      "mode": "managed",
      "type": "kubernetes_namespace",
      "name": "monitoring",
      "provider": "provider[\"registry.terraform.io/hashicorp/kubernetes\"].service",
      "instances": [
        {
          "schema_version": 0,
          "attributes": {
            "id": "monitoring",
            "metadata": [
              {
                "annotations": {},
                "generate_name": "",
                "generation": 0,
                "labels": {},
                "name": "monitoring",
                "resource_version": "23950",
                "uid": "01132d79-102a-4fbc-93e9-92350e2c2a64"
              }
            ],
            "timeouts": null,
            "wait_for_default_service_account": false
          },
          "sensitive_attributes": [],
          "identity_schema_version": 0,
          "private": "eyJlMmJmYjczMC1lY2FhLTExZTYtOGY4OC0zNDM2M2JjN2M0YzAiOnsiZGVsZXRlIjozMDAwMDAwMDAwMDB9fQ==",
          "dependencies": [
            "data.aws_eks_cluster_auth.service",
            "data.terraform_remote_state.service"
          ]
        }
      ]
    },
    {
      "mode": "managed",
      "type": "kubernetes_namespace",
      "name": "velero",
      "provider": "provider[\"registry.terraform.io/hashicorp/kubernetes\"].cicd",
      "instances": [
        {
          "schema_version": 0,
          "attributes": {
            "id": "velero",
            "metadata": [
              {
                "annotations": {},
                "generate_name": "",
                "generation": 0,
                "labels": {},
                "name": "velero",
                "resource_version": "235039",
                "uid": "81ae2fdb-d27a-4867-86ec-26b370866df6"
              }
            ],
            "timeouts": null,
            "wait_for_default_service_account": false
          },
          "sensitive_attributes": [],
          "identity_schema_version": 0,
          "private": "eyJlMmJmYjczMC1lY2FhLTExZTYtOGY4OC0zNDM2M2JjN2M0YzAiOnsiZGVsZXRlIjozMDAwMDAwMDAwMDB9fQ==",
          "dependencies": [
            "data.aws_eks_cluster_auth.cicd",
            "data.terraform_remote_state.cicd"
          ]
        }
      ]
    },
    {
      "mode": "managed",
      "type": "kubernetes_service_account",
      "name": "alb_controller",
      "provider": "provider[\"registry.terraform.io/hashicorp/kubernetes\"].service",
      "instances": [
        {
          "schema_version": 0,
          "attributes": {
            "automount_service_account_token": true,
            "default_secret_name": "",
            "id": "kube-system/aws-load-balancer-controller",
            "image_pull_secret": [],
            "metadata": [
              {
                "annotations": {
                  "eks.amazonaws.com/role-arn": "arn:aws:iam::297195401389:role/AmazonEKSLoadBalancerControllerRole"
                },
                "generate_name": "",
                "generation": 0,
                "labels": {},
                "name": "aws-load-balancer-controller",
                "namespace": "kube-system",
                "resource_version": "64242",
                "uid": "5a923dde-50e5-457c-a931-f95b551e6165"
              }
            ],
            "secret": [],
            "timeouts": null
          },
          "sensitive_attributes": [],
          "identity_schema_version": 0,
          "private": "eyJlMmJmYjczMC1lY2FhLTExZTYtOGY4OC0zNDM2M2JjN2M0YzAiOnsiY3JlYXRlIjozMDAwMDAwMDAwMH19",
          "dependencies": [
            "data.aws_eks_cluster_auth.service",
            "data.terraform_remote_state.service"
          ]
        }
      ]
    }
  ],
  "check_results": null
}
