{
  "version": 4,
  "terraform_version": "1.12.1",
  "serial": 113,
  "lineage": "6ff43f10-3a8b-60e4-1875-199f91f56aef",
  "outputs": {
    "argocd_helm_release_name": {
      "value": "argo-cd",
      "type": "string"
    },
    "argocd_namespace": {
      "value": "argocd",
      "type": "string"
    },
    "cluster_name": {
      "value": "eks-chickpay-cicd",
      "type": "string"
    }
  },
  "resources": [
    {
      "mode": "data",
      "type": "aws_eks_cluster_auth",
      "name": "cicd",
      "provider": "provider[\"registry.terraform.io/hashicorp/aws\"]",
      "instances": [
        {
          "schema_version": 0,
          "attributes": {
            "id": "eks-chickpay-cicd",
            "name": "eks-chickpay-cicd",
            "token": "k8s-aws-v1.aHR0cHM6Ly9zdHMuYXAtbm9ydGhlYXN0LTIuYW1hem9uYXdzLmNvbS8_QWN0aW9uPUdldENhbGxlcklkZW50aXR5JlZlcnNpb249MjAxMS0wNi0xNSZYLUFtei1BbGdvcml0aG09QVdTNC1ITUFDLVNIQTI1NiZYLUFtei1DcmVkZW50aWFsPUFLSUFVS01SWjZDV1lORU5IQjQ1JTJGMjAyNTA2MDUlMkZhcC1ub3J0aGVhc3QtMiUyRnN0cyUyRmF3czRfcmVxdWVzdCZYLUFtei1EYXRlPTIwMjUwNjA1VDE2MjMyNFomWC1BbXotRXhwaXJlcz0wJlgtQW16LVNpZ25lZEhlYWRlcnM9aG9zdCUzQngtazhzLWF3cy1pZCZYLUFtei1TaWduYXR1cmU9ZjU4MThjZTE2YWIxYzJlMjUyMDExMTc5OGVhMTNmMWVhM2RjY2U3NGJkNzQ5NjY1YTExZGJkNWY2MGY1NWQzYg"
          },
          "sensitive_attributes": [
            [
              {
                "type": "get_attr",
                "value": "token"
              }
            ]
          ],
          "identity_schema_version": 0
        }
      ]
    },
    {
      "mode": "data",
      "type": "aws_eks_cluster_auth",
      "name": "service",
      "provider": "provider[\"registry.terraform.io/hashicorp/aws\"]",
      "instances": [
        {
          "schema_version": 0,
          "attributes": {
            "id": "eks-chickpay-service",
            "name": "eks-chickpay-service",
            "token": "k8s-aws-v1.aHR0cHM6Ly9zdHMuYXAtbm9ydGhlYXN0LTIuYW1hem9uYXdzLmNvbS8_QWN0aW9uPUdldENhbGxlcklkZW50aXR5JlZlcnNpb249MjAxMS0wNi0xNSZYLUFtei1BbGdvcml0aG09QVdTNC1ITUFDLVNIQTI1NiZYLUFtei1DcmVkZW50aWFsPUFLSUFVS01SWjZDV1lORU5IQjQ1JTJGMjAyNTA2MDUlMkZhcC1ub3J0aGVhc3QtMiUyRnN0cyUyRmF3czRfcmVxdWVzdCZYLUFtei1EYXRlPTIwMjUwNjA1VDE2MjMyNFomWC1BbXotRXhwaXJlcz0wJlgtQW16LVNpZ25lZEhlYWRlcnM9aG9zdCUzQngtazhzLWF3cy1pZCZYLUFtei1TaWduYXR1cmU9YjNkNGEyMGQ5NDRhMWZkZTU0NDUxNTI4NmM1MWEyZjEyZjUxNzVmNjhmMmMyYjVkYjYzMDMwN2QzNmI5OTYxNQ"
          },
          "sensitive_attributes": [
            [
              {
                "type": "get_attr",
                "value": "token"
              }
            ]
          ],
          "identity_schema_version": 0
        }
      ]
    },
    {
      "mode": "data",
      "type": "terraform_remote_state",
      "name": "cicd",
      "provider": "provider[\"terraform.io/builtin/terraform\"]",
      "instances": [
        {
          "schema_version": 0,
          "attributes": {
            "backend": "local",
            "config": {
              "value": {
                "path": "../eks/cicd/terraform.tfstate"
              },
              "type": [
                "object",
                {
                  "path": "string"
                }
              ]
            },
            "defaults": null,
            "outputs": {
              "value": {
                "cluster_certificate_authority_data": "LS0tLS1CRUdJTiBDRVJUSUZJQ0FURS0tLS0tCk1JSURCVENDQWUyZ0F3SUJBZ0lJUjlMNUxLYmVnYlV3RFFZSktvWklodmNOQVFFTEJRQXdGVEVUTUJFR0ExVUUKQXhNS2EzVmlaWEp1WlhSbGN6QWVGdzB5TlRBMk1EVXhOVEUxTlRaYUZ3MHpOVEEyTURNeE5USXdOVFphTUJVeApFekFSQmdOVkJBTVRDbXQxWW1WeWJtVjBaWE13Z2dFaU1BMEdDU3FHU0liM0RRRUJBUVVBQTRJQkR3QXdnZ0VLCkFvSUJBUURWZkZpMWR0Sm1ibk84VEJ4a3JLMzhNdkNuYlBQQk5xNlpySEhkTEdNVjZ5UllJdXpYaWpJYzBabGsKOGVzbTM5ZXZsOHJSZzZRY3Fjd2NLRDhxSUFhMTg0MVRSbnQ1dVFIVWNhZXdodnQ3QnFqNms5K1JtQ0IyWVFWcwpOL3FsaDl0VmE5TElUTm5scTBRRG1GdmQ0Mm1CY0k3UHhueVdOb2ppVHM0UDVrQ1E0eUluUzc1TitPdXFlNjlmCi9aZzRmK1kwL1hzbFNBTTNBam5aTVkwa0EzR3MzT0tpYjJ3ZGFXeCtmRll0NXNZcWJmYU1COWFwTXVLcXk3aGoKSEwvUTA0a1MzZ2x1a1MzalN1MGlCWXh4V1MrVittS0dBM2JBRHNiNndOZzhYNDZiQVpsSFVsZUt6Nnp4ZWFNLwpLQml2b3VrblBscWpQaG1aYm5STVdDQkRJd1lGQWdNQkFBR2pXVEJYTUE0R0ExVWREd0VCL3dRRUF3SUNwREFQCkJnTlZIUk1CQWY4RUJUQURBUUgvTUIwR0ExVWREZ1FXQkJSQTQ1OTBoZHM1RzZaYzBQWE04cUlqWGZwRUl6QVYKQmdOVkhSRUVEakFNZ2dwcmRXSmxjbTVsZEdWek1BMEdDU3FHU0liM0RRRUJDd1VBQTRJQkFRQjVkMnNQdW9kOQorT2tXNWhhMXNBcTZRSE5YYjN6VU9zMytDOUVlU3B0YnVOczZuMTJ3UFhzU3VPS3g2eklPbUE2UjUrR0hlMVowCnYrRytGUEw4ZHBYWTF4MlJaSVI1Y093ZXpmd3Z2Z01WbTdvRUUwMTdMYmRtNW52OUZMdW0rRkZ4TlVibk95ZUoKNm56eDlQd3A4TDlwL3pDOUZrZGhpZEhSUVpZUTRGRHh0Z2JUclBhRGU1UUw5T3RQNEhYekErbmtqbHFtUS9ybApyck44MytKSWVyZVNrY2lKSmNaa1c5RWZBM0Z6VEc0Z0phYkNVRXlBN29OWENqTWpRWEF2SFRmWkdGOWNJdjdVCnZwZ0svMUI0V1IwVEM1Si9iLzZpTFlCOVhDdURjUFB2MnNRb0hBeHBBeXhtYjRFaGtMZmVqTmFXcU1hbFVTclEKcFdrS2tTRko1Q0Q0Ci0tLS0tRU5EIENFUlRJRklDQVRFLS0tLS0K",
                "cluster_endpoint": "https://8AB35466BEC443F8D67A8E39B6ADE5B6.gr7.ap-northeast-2.eks.amazonaws.com",
                "cluster_name": "eks-chickpay-cicd",
                "cluster_oidc_issuer_url": "https://oidc.eks.ap-northeast-2.amazonaws.com/id/8AB35466BEC443F8D67A8E39B6ADE5B6",
                "cluster_security_group_id": "sg-05f058d0f4aa0a71b",
                "cluster_token": "k8s-aws-v1.aHR0cHM6Ly9zdHMuYXAtbm9ydGhlYXN0LTIuYW1hem9uYXdzLmNvbS8_QWN0aW9uPUdldENhbGxlcklkZW50aXR5JlZlcnNpb249MjAxMS0wNi0xNSZYLUFtei1BbGdvcml0aG09QVdTNC1ITUFDLVNIQTI1NiZYLUFtei1DcmVkZW50aWFsPUFLSUFVS01SWjZDV1lORU5IQjQ1JTJGMjAyNTA2MDUlMkZhcC1ub3J0aGVhc3QtMiUyRnN0cyUyRmF3czRfcmVxdWVzdCZYLUFtei1EYXRlPTIwMjUwNjA1VDE1MTYwOFomWC1BbXotRXhwaXJlcz0wJlgtQW16LVNpZ25lZEhlYWRlcnM9aG9zdCUzQngtazhzLWF3cy1pZCZYLUFtei1TaWduYXR1cmU9MzM0Y2FiODRkMzYxYWMxOGRlNDkyZWY2YjE1NzE1MTNhOGE1NmQ5Njg3ODdkYTA0YmZhOTM4Zjc1NjVlOTgyNw"
              },
              "type": [
                "object",
                {
                  "cluster_certificate_authority_data": "string",
                  "cluster_endpoint": "string",
                  "cluster_name": "string",
                  "cluster_oidc_issuer_url": "string",
                  "cluster_security_group_id": "string",
                  "cluster_token": "string"
                }
              ]
            },
            "workspace": null
          },
          "sensitive_attributes": [],
          "identity_schema_version": 0
        }
      ]
    },
    {
      "mode": "data",
      "type": "terraform_remote_state",
      "name": "iam",
      "provider": "provider[\"terraform.io/builtin/terraform\"]",
      "instances": [
        {
          "schema_version": 0,
          "attributes": {
            "backend": "local",
            "config": {
              "value": {
                "path": "../iam/terraform.tfstate"
              },
              "type": [
                "object",
                {
                  "path": "string"
                }
              ]
            },
            "defaults": null,
            "outputs": {
              "value": {
                "cicd_oidc_provider_arn": "arn:aws:iam::297195401389:oidc-provider/oidc.eks.ap-northeast-2.amazonaws.com/id/8AB35466BEC443F8D67A8E39B6ADE5B6",
                "cicd_oidc_url": "https://oidc.eks.ap-northeast-2.amazonaws.com/id/8AB35466BEC443F8D67A8E39B6ADE5B6",
                "service_oidc_provider_arn": "arn:aws:iam::297195401389:oidc-provider/oidc.eks.ap-northeast-2.amazonaws.com/id/FEE45CF6DFDEF460B940721F730CA55E",
                "service_oidc_url": "https://oidc.eks.ap-northeast-2.amazonaws.com/id/FEE45CF6DFDEF460B940721F730CA55E"
              },
              "type": [
                "object",
                {
                  "cicd_oidc_provider_arn": "string",
                  "cicd_oidc_url": "string",
                  "service_oidc_provider_arn": "string",
                  "service_oidc_url": "string"
                }
              ]
            },
            "workspace": null
          },
          "sensitive_attributes": [],
          "identity_schema_version": 0
        }
      ]
    },
    {
      "mode": "data",
      "type": "terraform_remote_state",
      "name": "service",
      "provider": "provider[\"terraform.io/builtin/terraform\"]",
      "instances": [
        {
          "schema_version": 0,
          "attributes": {
            "backend": "local",
            "config": {
              "value": {
                "path": "../eks/service/terraform.tfstate"
              },
              "type": [
                "object",
                {
                  "path": "string"
                }
              ]
            },
            "defaults": null,
            "outputs": {
              "value": {
                "cluster_certificate_authority_data": "LS0tLS1CRUdJTiBDRVJUSUZJQ0FURS0tLS0tCk1JSURCVENDQWUyZ0F3SUJBZ0lJVWhGUm9iUVh6OG93RFFZSktvWklodmNOQVFFTEJRQXdGVEVUTUJFR0ExVUUKQXhNS2EzVmlaWEp1WlhSbGN6QWVGdzB5TlRBMk1EVXhOVE16TXpOYUZ3MHpOVEEyTURNeE5UTTRNek5hTUJVeApFekFSQmdOVkJBTVRDbXQxWW1WeWJtVjBaWE13Z2dFaU1BMEdDU3FHU0liM0RRRUJBUVVBQTRJQkR3QXdnZ0VLCkFvSUJBUUMxeDJINVRHZnEvcVo4cWFZdURjVFZHS1hleHJ3WHdqU1FlQmZMak41Qzg0QkpQcXQ5OW1wa3lkVXgKTjk1ZVEyMkNoUTByanE3Qzc5UEl1V2FRc1RQZEgrMXBQM3JmQ2NTOERPaXhRNjJ5U3V4ZitHc2lKRzNYQ3hiUgpvTXlENE9la2cxbHJtODUxZW95L25UUjloanMvTkhlNUFMb0hLMi9ZTE96SWJmNDRGRG9xcThoS0l0a01MOXRJCnJKdVJwYWJWRW1UTVFBTXNpa2N6M05lVWtWZ2hUVkVEMTNCUDNqeWVMVW9TaEloQ0dzbjBrdzR6d0Y3OC9LVGIKL3k0UDB3cEIxblZMWmJHcm1pVUR1aUczT081amUrWTN1andhVmdUdjcrODlmcXgzVEdzbmgxUDZMa3RLN1o4KwpqbmF5OWp5SDlUUmQ3YUZLbnlpSWZaNzRwY05kQWdNQkFBR2pXVEJYTUE0R0ExVWREd0VCL3dRRUF3SUNwREFQCkJnTlZIUk1CQWY4RUJUQURBUUgvTUIwR0ExVWREZ1FXQkJTRHFEVGVzbVcwS3VjRTJxSW1XSG9QaGx2UWVEQVYKQmdOVkhSRUVEakFNZ2dwcmRXSmxjbTVsZEdWek1BMEdDU3FHU0liM0RRRUJDd1VBQTRJQkFRQUxYb1A4NVlSaQp4M0NRVWptc0VWVXg3Q1NhMElVZHJIUmdrVlFoN01rYWthTVg3QUZJaUtwQjdFcXRNRXZnY1ZGTjZsaVJCSHhRClAxSlpFemY4QStYbDZJSEJSK3A0dllSVGlibmtIM1V5bDREWWdCVW8yU25rTFhZVUE3bnFxd0lqanN2RzFDbGgKU05aM1hZYmFyUzV0VU84aEY4QS9VczRicVNvZld5S2ZaM283amlhR21CZ3NUanBiRnE0aGl1b2R6NTQxekswdQo1cFcyMUY2QlkyOHpOVGJGWVlFT3RaZzNVNC9wQmJFY1hPNDVEQXZ4QjRWN1p5N0hXNmQ2dEtQWU9GSzBYeTdSCkhyTXpJeVVyelE1WS91cG1RVkF6V0RQQ1RBTndYUHc2dWtLOXBzLzg2RkVGa1NoTnRYWjJPc3E4azRrUWxLK0gKUFl6UEJGUFR5dHE4Ci0tLS0tRU5EIENFUlRJRklDQVRFLS0tLS0K",
                "cluster_endpoint": "https://FEE45CF6DFDEF460B940721F730CA55E.gr7.ap-northeast-2.eks.amazonaws.com",
                "cluster_name": "eks-chickpay-service",
                "cluster_oidc_issuer_url": "https://oidc.eks.ap-northeast-2.amazonaws.com/id/FEE45CF6DFDEF460B940721F730CA55E",
                "cluster_security_group_id": "sg-0f9f7b6a67be909f5",
                "cluster_token": "k8s-aws-v1.aHR0cHM6Ly9zdHMuYXAtbm9ydGhlYXN0LTIuYW1hem9uYXdzLmNvbS8_QWN0aW9uPUdldENhbGxlcklkZW50aXR5JlZlcnNpb249MjAxMS0wNi0xNSZYLUFtei1BbGdvcml0aG09QVdTNC1ITUFDLVNIQTI1NiZYLUFtei1DcmVkZW50aWFsPUFLSUFVS01SWjZDV1lORU5IQjQ1JTJGMjAyNTA2MDUlMkZhcC1ub3J0aGVhc3QtMiUyRnN0cyUyRmF3czRfcmVxdWVzdCZYLUFtei1EYXRlPTIwMjUwNjA1VDE1MzQwMFomWC1BbXotRXhwaXJlcz0wJlgtQW16LVNpZ25lZEhlYWRlcnM9aG9zdCUzQngtazhzLWF3cy1pZCZYLUFtei1TaWduYXR1cmU9M2IwMDQ0YWJjYzE2MDQ4MWQ3ZDU5ODZlYWQwYTBlNjM3MjFmOGMzNTkwY2ExZWIyNDdlNWMzZWMyOTg4MDI1Zg"
              },
              "type": [
                "object",
                {
                  "cluster_certificate_authority_data": "string",
                  "cluster_endpoint": "string",
                  "cluster_name": "string",
                  "cluster_oidc_issuer_url": "string",
                  "cluster_security_group_id": "string",
                  "cluster_token": "string"
                }
              ]
            },
            "workspace": null
          },
          "sensitive_attributes": [],
          "identity_schema_version": 0
        }
      ]
    },
    {
      "mode": "managed",
      "type": "helm_release",
      "name": "argocd",
      "provider": "provider[\"registry.terraform.io/hashicorp/helm\"].cicd",
      "instances": [
        {
          "schema_version": 1,
          "attributes": {
            "atomic": false,
            "chart": "argo-cd",
            "cleanup_on_fail": false,
            "create_namespace": false,
            "dependency_update": false,
            "description": null,
            "devel": null,
            "disable_crd_hooks": false,
            "disable_openapi_validation": false,
            "disable_webhooks": false,
            "force_update": false,
            "id": "argo-cd",
            "keyring": null,
            "lint": false,
            "manifest": null,
            "max_history": 0,
            "metadata": [
              {
                "app_version": "v2.9.3",
                "chart": "argo-cd",
                "first_deployed": 1749140616,
                "last_deployed": 1749140616,
                "name": "argo-cd",
                "namespace": "argocd",
                "notes": "\n\nIn order to access the server UI you have the following options:\n\n1. kubectl port-forward service/argo-cd-argocd-server -n argocd 8080:443\n\n    and then open the browser on http://localhost:8080 and accept the certificate\n\n2. enable ingress in the values file `server.ingress.enabled` and either\n      - Add the annotation for ssl passthrough: https://argo-cd.readthedocs.io/en/stable/operator-manual/ingress/#option-1-ssl-passthrough\n      - Set the `configs.params.\"server.insecure\"` in the values file and terminate SSL at your ingress: https://argo-cd.readthedocs.io/en/stable/operator-manual/ingress/#option-2-multiple-ingress-objects-and-hosts\n\n\nAfter reaching the UI the first time you can login with username: admin and the random password generated during the installation. You can find the password by running:\n\nkubectl -n argocd get secret argocd-initial-admin-secret -o jsonpath=\"{.data.password}\" | base64 -d\n\n(You should delete the initial secret afterwards as suggested by the Getting Started Guide: https://argo-cd.readthedocs.io/en/stable/getting_started/#4-login-using-the-cli)\n",
                "revision": 1,
                "values": "{}",
                "version": "5.51.6"
              }
            ],
            "name": "argo-cd",
            "namespace": "argocd",
            "pass_credentials": false,
            "postrender": [],
            "recreate_pods": false,
            "render_subchart_notes": true,
            "replace": false,
            "repository": "https://argoproj.github.io/argo-helm",
            "repository_ca_file": null,
            "repository_cert_file": null,
            "repository_key_file": null,
            "repository_password": null,
            "repository_username": null,
            "reset_values": false,
            "reuse_values": false,
            "set": [],
            "set_list": [],
            "set_sensitive": [],
            "skip_crds": false,
            "status": "deployed",
            "timeout": 300,
            "upgrade_install": null,
            "values": null,
            "verify": false,
            "version": "5.51.6",
            "wait": true,
            "wait_for_jobs": false
          },
          "sensitive_attributes": [
            [
              {
                "type": "get_attr",
                "value": "repository_password"
              }
            ]
          ],
          "identity_schema_version": 0,
          "private": "eyJzY2hlbWFfdmVyc2lvbiI6IjEifQ==",
          "dependencies": [
            "data.aws_eks_cluster_auth.cicd",
            "data.terraform_remote_state.cicd",
            "kubernetes_namespace.argocd"
          ]
        }
      ]
    },
    {
      "mode": "managed",
      "type": "helm_release",
      "name": "prometheus",
      "provider": "provider[\"registry.terraform.io/hashicorp/helm\"].service",
      "instances": [
        {
          "schema_version": 1,
          "attributes": {
            "atomic": false,
            "chart": "kube-prometheus-stack",
            "cleanup_on_fail": false,
            "create_namespace": false,
            "dependency_update": false,
            "description": null,
            "devel": null,
            "disable_crd_hooks": false,
            "disable_openapi_validation": false,
            "disable_webhooks": false,
            "force_update": false,
            "id": "kube-prometheus-stack",
            "keyring": null,
            "lint": false,
            "manifest": null,
            "max_history": 0,
            "metadata": [
              {
                "app_version": "v0.73.1",
                "chart": "kube-prometheus-stack",
                "first_deployed": 1749140624,
                "last_deployed": 1749140624,
                "name": "kube-prometheus-stack",
                "namespace": "monitoring",
                "notes": "kube-prometheus-stack has been installed. Check its status by running:\n  kubectl --namespace monitoring get pods -l \"release=kube-prometheus-stack\"\n\nVisit https://github.com/prometheus-operator/kube-prometheus for instructions on how to create \u0026 configure Alertmanager and Prometheus instances using the Operator.\n\n1. Get your 'admin' user password by running:\n\n   kubectl get secret --namespace monitoring kube-prometheus-stack-grafana -o jsonpath=\"{.data.admin-password}\" | base64 --decode ; echo\n\n\n2. The Grafana server can be accessed via port 80 on the following DNS name from within your cluster:\n\n   kube-prometheus-stack-grafana.monitoring.svc.cluster.local\n\n   Get the Grafana URL to visit by running these commands in the same shell:\n     export POD_NAME=$(kubectl get pods --namespace monitoring -l \"app.kubernetes.io/name=grafana,app.kubernetes.io/instance=kube-prometheus-stack\" -o jsonpath=\"{.items[0].metadata.name}\")\n     kubectl --namespace monitoring port-forward $POD_NAME 3000\n\n3. Login with the password from step 1 and the username: admin\n#################################################################################\n######   WARNING: Persistence is disabled!!! You will lose your data when   #####\n######            the Grafana pod is terminated.                            #####\n#################################################################################\n\nkube-state-metrics is a simple service that listens to the Kubernetes API server and generates metrics about the state of the objects.\nThe exposed metrics can be found here:\nhttps://github.com/kubernetes/kube-state-metrics/blob/master/docs/README.md#exposed-metrics\n\nThe metrics are exported on the HTTP endpoint /metrics on the listening port.\nIn your case, kube-prometheus-stack-kube-state-metrics.monitoring.svc.cluster.local:8080/metrics\n\nThey are served either as plaintext or protobuf depending on the Accept header.\nThey are designed to be consumed either by Prometheus itself or by a scraper that is compatible with scraping a Prometheus client endpoint.\n\n1. Get the application URL by running these commands:\n  export POD_NAME=$(kubectl get pods --namespace monitoring -l \"app.kubernetes.io/name=prometheus-node-exporter,app.kubernetes.io/instance=kube-prometheus-stack\" -o jsonpath=\"{.items[0].metadata.name}\")\n  echo \"Visit http://127.0.0.1:9100 to use your application\"\n  kubectl port-forward --namespace monitoring $POD_NAME 9100",
                "revision": 1,
                "values": "{}",
                "version": "58.2.0"
              }
            ],
            "name": "kube-prometheus-stack",
            "namespace": "monitoring",
            "pass_credentials": false,
            "postrender": [],
            "recreate_pods": false,
            "render_subchart_notes": true,
            "replace": false,
            "repository": "https://prometheus-community.github.io/helm-charts",
            "repository_ca_file": null,
            "repository_cert_file": null,
            "repository_key_file": null,
            "repository_password": null,
            "repository_username": null,
            "reset_values": false,
            "reuse_values": false,
            "set": [],
            "set_list": [],
            "set_sensitive": [],
            "skip_crds": false,
            "status": "deployed",
            "timeout": 300,
            "upgrade_install": null,
            "values": null,
            "verify": false,
            "version": "58.2.0",
            "wait": true,
            "wait_for_jobs": false
          },
          "sensitive_attributes": [
            [
              {
                "type": "get_attr",
                "value": "repository_password"
              }
            ]
          ],
          "identity_schema_version": 0,
          "private": "eyJzY2hlbWFfdmVyc2lvbiI6IjEifQ==",
          "dependencies": [
            "data.aws_eks_cluster_auth.service",
            "data.terraform_remote_state.service",
            "kubernetes_namespace.monitoring"
          ]
        }
      ]
    },
    {
      "mode": "managed",
      "type": "kubernetes_namespace",
      "name": "argocd",
      "provider": "provider[\"registry.terraform.io/hashicorp/kubernetes\"].cicd",
      "instances": [
        {
          "schema_version": 0,
          "attributes": {
            "id": "argocd",
            "metadata": [
              {
                "annotations": null,
                "generate_name": "",
                "generation": 0,
                "labels": null,
                "name": "argocd",
                "resource_version": "10604",
                "uid": "d1d83b4a-2900-4c9d-8750-aadd0add7b37"
              }
            ],
            "timeouts": null,
            "wait_for_default_service_account": false
          },
          "sensitive_attributes": [],
          "identity_schema_version": 0,
          "private": "eyJlMmJmYjczMC1lY2FhLTExZTYtOGY4OC0zNDM2M2JjN2M0YzAiOnsiZGVsZXRlIjozMDAwMDAwMDAwMDB9fQ==",
          "dependencies": [
            "data.aws_eks_cluster_auth.cicd",
            "data.terraform_remote_state.cicd"
          ]
        }
      ]
    },
    {
      "mode": "managed",
      "type": "kubernetes_namespace",
      "name": "monitoring",
      "provider": "provider[\"registry.terraform.io/hashicorp/kubernetes\"].service",
      "instances": [
        {
          "schema_version": 0,
          "attributes": {
            "id": "monitoring",
            "metadata": [
              {
                "annotations": null,
                "generate_name": "",
                "generation": 0,
                "labels": null,
                "name": "monitoring",
                "resource_version": "9599",
                "uid": "0fe6b593-edd4-4c1a-a47e-60d78f80486e"
              }
            ],
            "timeouts": null,
            "wait_for_default_service_account": false
          },
          "sensitive_attributes": [],
          "identity_schema_version": 0,
          "private": "eyJlMmJmYjczMC1lY2FhLTExZTYtOGY4OC0zNDM2M2JjN2M0YzAiOnsiZGVsZXRlIjozMDAwMDAwMDAwMDB9fQ==",
          "dependencies": [
            "data.aws_eks_cluster_auth.service",
            "data.terraform_remote_state.service"
          ]
        }
      ]
    }
  ],
  "check_results": null
}
