{
  "version": 4,
  "terraform_version": "1.12.1",
  "serial": 22,
  "lineage": "6ca6cb0c-9051-16ac-eece-41263ae827a5",
  "outputs": {
    "cicd_oidc_provider_arn": {
      "value": "arn:aws:iam::297195401389:oidc-provider/oidc.eks.ap-northeast-2.amazonaws.com/id/62292C8F00E2E169BB4D2B3CC396B254",
      "type": "string"
    },
    "cicd_oidc_url": {
      "value": "https://oidc.eks.ap-northeast-2.amazonaws.com/id/62292C8F00E2E169BB4D2B3CC396B254",
      "type": "string"
    },
    "service_oidc_provider_arn": {
      "value": "arn:aws:iam::297195401389:oidc-provider/oidc.eks.ap-northeast-2.amazonaws.com/id/4DC98C035581B6C073A773E6FEDB3BB1",
      "type": "string"
    },
    "service_oidc_url": {
      "value": "https://oidc.eks.ap-northeast-2.amazonaws.com/id/4DC98C035581B6C073A773E6FEDB3BB1",
      "type": "string"
    },
    "velero_irsa_role_arn": {
      "value": "arn:aws:iam::297195401389:role/velero-irsa-role",
      "type": "string"
    }
  },
  "resources": [
    {
      "mode": "data",
      "type": "aws_eks_cluster",
      "name": "cicd",
      "provider": "provider[\"registry.terraform.io/hashicorp/aws\"]",
      "instances": [
        {
          "schema_version": 0,
          "attributes": {
            "access_config": [
              {
                "authentication_mode": "API_AND_CONFIG_MAP",
                "bootstrap_cluster_creator_admin_permissions": true
              }
            ],
            "arn": "arn:aws:eks:ap-northeast-2:297195401389:cluster/eks-cicd",
            "certificate_authority": [
              {
                "data": "LS0tLS1CRUdJTiBDRVJUSUZJQ0FURS0tLS0tCk1JSURCVENDQWUyZ0F3SUJBZ0lJUTNiL2pYSzNhR1l3RFFZSktvWklodmNOQVFFTEJRQXdGVEVUTUJFR0ExVUUKQXhNS2EzVmlaWEp1WlhSbGN6QWVGdzB5TlRBMU1qa3dNakV3TlRGYUZ3MHpOVEExTWpjd01qRTFOVEZhTUJVeApFekFSQmdOVkJBTVRDbXQxWW1WeWJtVjBaWE13Z2dFaU1BMEdDU3FHU0liM0RRRUJBUVVBQTRJQkR3QXdnZ0VLCkFvSUJBUURYYld5azFITDNDaXlkNXVwRFpPRC9xNDFkL0ZPb3NmckVGTVJveWFiUGVqYkVJUDc0L09XdjQ4TlIKYm9tODVjQ0dSS1NRcnltdFhWVkxNdnd2emU1Z2FsMlZsRWVOV2pEQ1lEWTZWREQwekpKbXhvWmxSUW5VdEg0NwpwOXFqb0ZDaEJKVW42YWxoZlFjcTZER3lXeDQvVE5MbE4yU0tpMEhIakowQ1ZLeW9vK2ZsVnRMSHROOTc0RTVvCmR0cFRaNnBPa0lyaG5LVUZJVnI0RnlGTEdoSDB1dGR5eUJNaitzTDBBQ1FhL0ZYM0FSS3FhUGtiTWlnTTNzSkMKV0lkQ29hbThpWXVKRmhUbSs0QkxaUzAzTU8wVzNwaFhnNUVacEIwMVJDZ2NxU20zVHRWdmZUMTgza3AyRnVvVQpsSjk2d2RWMHRGd1JvSm1aN2VDMTROSnF3d2JWQWdNQkFBR2pXVEJYTUE0R0ExVWREd0VCL3dRRUF3SUNwREFQCkJnTlZIUk1CQWY4RUJUQURBUUgvTUIwR0ExVWREZ1FXQkJTTEhna1JRbUJ0YWtmcDRrNU9aQTlPY1hkTkZqQVYKQmdOVkhSRUVEakFNZ2dwcmRXSmxjbTVsZEdWek1BMEdDU3FHU0liM0RRRUJDd1VBQTRJQkFRQmNOVFpKOE9KZApZeXZnemEyUlB5YnJka0NyY29wNWo2V3Z1OVV4T2NZS3BFaVRaMnZXZnZXcVNFakVmYWFCZDZ2WWZSNTM4ZGdtCitiWHI0WU01alczdXVMM0ltSnRUaFNHUHU4ZktVM1JpWUVPMVBmV3BOL2ZxSVUrMFQ1R3F2d1FocE9Hbkl3Yk0KQWdYYnlwaDJ3V0JCT3o2azE4SmsraDVWK3JoM0c4WHI4QWhMYzlPVW5reGNYYTFlaitPclV5aTFwa01GdkxrUgpLQjFra21RMUZQNGE5cUt4bVd1NXZGVjIwVmJvaHhDRU9ZWTFzbXdDejZESE5TR29vN3h4TkhIQVliamgzcldmCmI1NXFzOE9hcVl6eTFrRFR0L0ZZMnMybmVHUHhFK05zdjUyZGIwN0tmNzAwUys4WVZGZWlwaE1mTnpnOEZ2WUkKTjIrTGFIdTVPZE41Ci0tLS0tRU5EIENFUlRJRklDQVRFLS0tLS0K"
              }
            ],
            "cluster_id": null,
            "compute_config": [],
            "created_at": "2025-05-29T02:11:31Z",
            "enabled_cluster_log_types": [
              "api",
              "audit",
              "authenticator"
            ],
            "endpoint": "https://62292C8F00E2E169BB4D2B3CC396B254.gr7.ap-northeast-2.eks.amazonaws.com",
            "id": "eks-cicd",
            "identity": [
              {
                "oidc": [
                  {
                    "issuer": "https://oidc.eks.ap-northeast-2.amazonaws.com/id/62292C8F00E2E169BB4D2B3CC396B254"
                  }
                ]
              }
            ],
            "kubernetes_network_config": [
              {
                "elastic_load_balancing": [
                  {
                    "enabled": false
                  }
                ],
                "ip_family": "ipv4",
                "service_ipv4_cidr": "172.20.0.0/16",
                "service_ipv6_cidr": ""
              }
            ],
            "name": "eks-cicd",
            "outpost_config": [],
            "platform_version": "eks.38",
            "remote_network_config": [],
            "role_arn": "arn:aws:iam::297195401389:role/eks-cicd-cluster-20250529021109631400000002",
            "status": "ACTIVE",
            "storage_config": [],
            "tags": {
              "Name": "eks-cicd",
              "Purpose": "cicd-cluster",
              "terraform-aws-modules": "eks"
            },
            "upgrade_policy": [
              {
                "support_type": "EXTENDED"
              }
            ],
            "version": "1.29",
            "vpc_config": [
              {
                "cluster_security_group_id": "sg-0ad624bbe64640d75",
                "endpoint_private_access": true,
                "endpoint_public_access": true,
                "public_access_cidrs": [
                  "0.0.0.0/0"
                ],
                "security_group_ids": [
                  "sg-04160e96a9e0e2578"
                ],
                "subnet_ids": [
                  "subnet-0173fd492c679b527",
                  "subnet-0749d1dc4c74448f1"
                ],
                "vpc_id": "vpc-06c21c1edddcc72f6"
              }
            ],
            "zonal_shift_config": []
          },
          "sensitive_attributes": [],
          "identity_schema_version": 0
        }
      ]
    },
    {
      "mode": "data",
      "type": "aws_eks_cluster",
      "name": "service",
      "provider": "provider[\"registry.terraform.io/hashicorp/aws\"]",
      "instances": [
        {
          "schema_version": 0,
          "attributes": {
            "access_config": [
              {
                "authentication_mode": "API_AND_CONFIG_MAP",
                "bootstrap_cluster_creator_admin_permissions": true
              }
            ],
            "arn": "arn:aws:eks:ap-northeast-2:297195401389:cluster/eks-service",
            "certificate_authority": [
              {
                "data": "LS0tLS1CRUdJTiBDRVJUSUZJQ0FURS0tLS0tCk1JSURCVENDQWUyZ0F3SUJBZ0lJREw2Vy9OcElNTFF3RFFZSktvWklodmNOQVFFTEJRQXdGVEVUTUJFR0ExVUUKQXhNS2EzVmlaWEp1WlhSbGN6QWVGdzB5TlRBMU1qa3dNakV4TURSYUZ3MHpOVEExTWpjd01qRTJNRFJhTUJVeApFekFSQmdOVkJBTVRDbXQxWW1WeWJtVjBaWE13Z2dFaU1BMEdDU3FHU0liM0RRRUJBUVVBQTRJQkR3QXdnZ0VLCkFvSUJBUURnRmQ4dFdhYVNCcUExSXNQVlVGWUxSTWlyYVh6LzF6VFlUaEhoak42c05HYVA3bXNvU05FbEM0UTAKQytCVWxBYVA1UEJTcGM0OXhCTi9GbU5xZEo3RXUvYzN3Rll3NUZzVWMzd3VxV3UrTEltT0p0R2lHdE5saFU4TApSM28vci82K1NCdUNldUFZVFNERE9WTmVpQ0Y0S0Q2UFpKVkpFbnpYcFBtTmxWblE5NDJxR0k3UVFuL0E2aVFVCmptUDFkK2hlSWZQQ3kzeWdUTjl6TnpVUG55dHdWaEhTN0VlRlhoM0IzVUpIa3Z1dTJIRnc4YWdRZGRBZWdBYWUKTXpIdEl0aXhEdS93SnJGek4vZjRIQmFJZG9uRnNWcCtGWXZ4bTFuMnFKejB1dWxicE5vdU0vbktHeTA4bHN0KwpERXdjb0EzdEtWaW1MZkd1L3NaN0ZEejNRdDY1QWdNQkFBR2pXVEJYTUE0R0ExVWREd0VCL3dRRUF3SUNwREFQCkJnTlZIUk1CQWY4RUJUQURBUUgvTUIwR0ExVWREZ1FXQkJRaEpGMzJURmhHSWJMWStVMVRRRDVzM3ZWSEp6QVYKQmdOVkhSRUVEakFNZ2dwcmRXSmxjbTVsZEdWek1BMEdDU3FHU0liM0RRRUJDd1VBQTRJQkFRQXRWNzlySGRyLwpiVmdDUWhnS2NWYStWWUg2Nm95L3ZuQWxnd2tZc1k4MUxHTVpMR0EyYWtwV1hxZG9HZUJyK3JiT2gzNm9NNjRhCjcvN2hySHdPbEhFMXBKZFJobUQ5S0ZwQW9CQml2NjJ6cFVNLytDYmU4cWVUTTUvOHpvZlJncU94ZjNCQ3pNeUoKWmw4Mm5TcmVlM1NMVWljRUw2SmZxdysvK3pmNWJFS0hJNVRsMEZJbnF3aTQwK0hKUUw5V1F5TU9kQitFT0xHKwpZbnh4STRzY0RueFh3MHE0N2RWYkNQbEgvU3pvZmVrb3ZaVHJGWkM1c28wL1ovTXlOampKdzdSQlo2WE0zWDVmCnJRZENBOVkrMXJXcEluUXgrcXdZdEY4bUtMTGZPZUFCYUZpUW5IQi80NlpuTnNPRVdOcXJ1ZXlZYnkxNFU4UEcKN2FNbkt1UUpia1hqCi0tLS0tRU5EIENFUlRJRklDQVRFLS0tLS0K"
              }
            ],
            "cluster_id": null,
            "compute_config": [],
            "created_at": "2025-05-29T02:11:46Z",
            "enabled_cluster_log_types": [
              "api",
              "audit",
              "authenticator"
            ],
            "endpoint": "https://4DC98C035581B6C073A773E6FEDB3BB1.yl4.ap-northeast-2.eks.amazonaws.com",
            "id": "eks-service",
            "identity": [
              {
                "oidc": [
                  {
                    "issuer": "https://oidc.eks.ap-northeast-2.amazonaws.com/id/4DC98C035581B6C073A773E6FEDB3BB1"
                  }
                ]
              }
            ],
            "kubernetes_network_config": [
              {
                "elastic_load_balancing": [
                  {
                    "enabled": false
                  }
                ],
                "ip_family": "ipv4",
                "service_ipv4_cidr": "172.20.0.0/16",
                "service_ipv6_cidr": ""
              }
            ],
            "name": "eks-service",
            "outpost_config": [],
            "platform_version": "eks.38",
            "remote_network_config": [],
            "role_arn": "arn:aws:iam::297195401389:role/eks-service-cluster-20250529021122976000000001",
            "status": "ACTIVE",
            "storage_config": [],
            "tags": {
              "Name": "eks-service",
              "Purpose": "msa-service",
              "terraform-aws-modules": "eks"
            },
            "upgrade_policy": [
              {
                "support_type": "EXTENDED"
              }
            ],
            "version": "1.29",
            "vpc_config": [
              {
                "cluster_security_group_id": "sg-057d993076d6e69dc",
                "endpoint_private_access": true,
                "endpoint_public_access": false,
                "public_access_cidrs": [
                  "0.0.0.0/0"
                ],
                "security_group_ids": [
                  "sg-04748cc165af629df"
                ],
                "subnet_ids": [
                  "subnet-09362ea64a53669f2",
                  "subnet-0ced929a4cc47790f"
                ],
                "vpc_id": "vpc-06c21c1edddcc72f6"
              }
            ],
            "zonal_shift_config": []
          },
          "sensitive_attributes": [],
          "identity_schema_version": 0
        }
      ]
    },
    {
      "mode": "data",
      "type": "aws_eks_cluster_auth",
      "name": "cicd",
      "provider": "provider[\"registry.terraform.io/hashicorp/aws\"]",
      "instances": [
        {
          "schema_version": 0,
          "attributes": {
            "id": "eks-cicd",
            "name": "eks-cicd",
            "token": "k8s-aws-v1.aHR0cHM6Ly9zdHMuYXAtbm9ydGhlYXN0LTIuYW1hem9uYXdzLmNvbS8_QWN0aW9uPUdldENhbGxlcklkZW50aXR5JlZlcnNpb249MjAxMS0wNi0xNSZYLUFtei1BbGdvcml0aG09QVdTNC1ITUFDLVNIQTI1NiZYLUFtei1DcmVkZW50aWFsPUFLSUFVS01SWjZDV1lORU5IQjQ1JTJGMjAyNTA1MjklMkZhcC1ub3J0aGVhc3QtMiUyRnN0cyUyRmF3czRfcmVxdWVzdCZYLUFtei1EYXRlPTIwMjUwNTI5VDAyMjg0MVomWC1BbXotRXhwaXJlcz0wJlgtQW16LVNpZ25lZEhlYWRlcnM9aG9zdCUzQngtazhzLWF3cy1pZCZYLUFtei1TaWduYXR1cmU9MzcwZjZkMjBjODAyYjY1NWU3Mzk3OWE3MDU1Nzk4NDRkNjhmY2Y3OTkzNWQyOGJmNmYxMTFmZmU0YzFjOTY3OA"
          },
          "sensitive_attributes": [
            [
              {
                "type": "get_attr",
                "value": "token"
              }
            ]
          ],
          "identity_schema_version": 0
        }
      ]
    },
    {
      "mode": "data",
      "type": "aws_eks_cluster_auth",
      "name": "service",
      "provider": "provider[\"registry.terraform.io/hashicorp/aws\"]",
      "instances": [
        {
          "schema_version": 0,
          "attributes": {
            "id": "eks-service",
            "name": "eks-service",
            "token": "k8s-aws-v1.aHR0cHM6Ly9zdHMuYXAtbm9ydGhlYXN0LTIuYW1hem9uYXdzLmNvbS8_QWN0aW9uPUdldENhbGxlcklkZW50aXR5JlZlcnNpb249MjAxMS0wNi0xNSZYLUFtei1BbGdvcml0aG09QVdTNC1ITUFDLVNIQTI1NiZYLUFtei1DcmVkZW50aWFsPUFLSUFVS01SWjZDV1lORU5IQjQ1JTJGMjAyNTA1MjklMkZhcC1ub3J0aGVhc3QtMiUyRnN0cyUyRmF3czRfcmVxdWVzdCZYLUFtei1EYXRlPTIwMjUwNTI5VDAyMjg0MVomWC1BbXotRXhwaXJlcz0wJlgtQW16LVNpZ25lZEhlYWRlcnM9aG9zdCUzQngtazhzLWF3cy1pZCZYLUFtei1TaWduYXR1cmU9Yjc3NDFjNDdlNGI4ZGQyOWJjYWMyODNmZTk4ZDg5OWUwNjY2OTQzNjc4ZTg0OTlkMzA0OTVmYjY3NTE2NTM0NQ"
          },
          "sensitive_attributes": [
            [
              {
                "type": "get_attr",
                "value": "token"
              }
            ]
          ],
          "identity_schema_version": 0
        }
      ]
    },
    {
      "mode": "data",
      "type": "aws_iam_openid_connect_provider",
      "name": "cicd",
      "provider": "provider[\"registry.terraform.io/hashicorp/aws\"]",
      "instances": [
        {
          "schema_version": 0,
          "attributes": {
            "arn": "arn:aws:iam::297195401389:oidc-provider/oidc.eks.ap-northeast-2.amazonaws.com/id/62292C8F00E2E169BB4D2B3CC396B254",
            "client_id_list": [
              "sts.amazonaws.com"
            ],
            "id": "arn:aws:iam::297195401389:oidc-provider/oidc.eks.ap-northeast-2.amazonaws.com/id/62292C8F00E2E169BB4D2B3CC396B254",
            "tags": {
              "Name": "eks-cicd",
              "Purpose": "cicd-cluster"
            },
            "thumbprint_list": [
              "06b25927c42a721631c1efd9431e648fa62e1e39"
            ],
            "url": "oidc.eks.ap-northeast-2.amazonaws.com/id/62292C8F00E2E169BB4D2B3CC396B254"
          },
          "sensitive_attributes": [],
          "identity_schema_version": 0
        }
      ]
    },
    {
      "mode": "data",
      "type": "aws_iam_openid_connect_provider",
      "name": "service",
      "provider": "provider[\"registry.terraform.io/hashicorp/aws\"]",
      "instances": [
        {
          "schema_version": 0,
          "attributes": {
            "arn": "arn:aws:iam::297195401389:oidc-provider/oidc.eks.ap-northeast-2.amazonaws.com/id/4DC98C035581B6C073A773E6FEDB3BB1",
            "client_id_list": [
              "sts.amazonaws.com"
            ],
            "id": "arn:aws:iam::297195401389:oidc-provider/oidc.eks.ap-northeast-2.amazonaws.com/id/4DC98C035581B6C073A773E6FEDB3BB1",
            "tags": {
              "Name": "eks-service",
              "Purpose": "msa-service"
            },
            "thumbprint_list": [
              "06b25927c42a721631c1efd9431e648fa62e1e39"
            ],
            "url": "oidc.eks.ap-northeast-2.amazonaws.com/id/4DC98C035581B6C073A773E6FEDB3BB1"
          },
          "sensitive_attributes": [],
          "identity_schema_version": 0
        }
      ]
    },
    {
      "mode": "data",
      "type": "terraform_remote_state",
      "name": "s3",
      "provider": "provider[\"terraform.io/builtin/terraform\"]",
      "instances": [
        {
          "schema_version": 0,
          "attributes": {
            "backend": "local",
            "config": {
              "value": {
                "path": "../s3/terraform.tfstate"
              },
              "type": [
                "object",
                {
                  "path": "string"
                }
              ]
            },
            "defaults": null,
            "outputs": {
              "value": {
                "velero_backup_bucket_name": "velero-backup-for-chickpay",
                "velero_kms_key_arn": "arn:aws:kms:ap-northeast-2:297195401389:key/398c18f3-454c-4d49-9e6d-a0fc2ca06e53"
              },
              "type": [
                "object",
                {
                  "velero_backup_bucket_name": "string",
                  "velero_kms_key_arn": "string"
                }
              ]
            },
            "workspace": null
          },
          "sensitive_attributes": [],
          "identity_schema_version": 0
        }
      ]
    },
    {
      "mode": "managed",
      "type": "aws_iam_policy",
      "name": "velero_policy",
      "provider": "provider[\"registry.terraform.io/hashicorp/aws\"]",
      "instances": [
        {
          "schema_version": 0,
          "attributes": {
            "arn": "arn:aws:iam::297195401389:policy/velero-s3-kms-access-policy",
            "attachment_count": 0,
            "description": "Policy for Velero to access S3 and decrypt with KMS",
            "id": "arn:aws:iam::297195401389:policy/velero-s3-kms-access-policy",
            "name": "velero-s3-kms-access-policy",
            "name_prefix": "",
            "path": "/",
            "policy": "{\"Statement\":[{\"Action\":[\"s3:PutObject\",\"s3:GetObject\",\"s3:DeleteObject\",\"s3:ListBucket\"],\"Effect\":\"Allow\",\"Resource\":[\"arn:aws:s3:::velero-backup-for-chickpay\",\"arn:aws:s3:::velero-backup-for-chickpay/*\"]},{\"Action\":[\"kms:Encrypt\",\"kms:Decrypt\",\"kms:GenerateDataKey\",\"kms:DescribeKey\"],\"Effect\":\"Allow\",\"Resource\":\"arn:aws:kms:ap-northeast-2:297195401389:key/398c18f3-454c-4d49-9e6d-a0fc2ca06e53\"}],\"Version\":\"2012-10-17\"}",
            "policy_id": "ANPAUKMRZ6CWR6R6SGBEO",
            "tags": null,
            "tags_all": {}
          },
          "sensitive_attributes": [],
          "identity_schema_version": 0,
          "private": "bnVsbA==",
          "dependencies": [
            "data.terraform_remote_state.s3"
          ]
        }
      ]
    },
    {
      "mode": "managed",
      "type": "aws_iam_role",
      "name": "velero_irsa_role",
      "provider": "provider[\"registry.terraform.io/hashicorp/aws\"]",
      "instances": [
        {
          "schema_version": 0,
          "attributes": {
            "arn": "arn:aws:iam::297195401389:role/velero-irsa-role",
            "assume_role_policy": "{\"Statement\":[{\"Action\":\"sts:AssumeRoleWithWebIdentity\",\"Condition\":{\"StringEquals\":{\"oidc.eks.ap-northeast-2.amazonaws.com/id/4DC98C035581B6C073A773E6FEDB3BB1:sub\":\"system:serviceaccount:velero:velero\"}},\"Effect\":\"Allow\",\"Principal\":{\"Federated\":\"arn:aws:iam::297195401389:oidc-provider/oidc.eks.ap-northeast-2.amazonaws.com/id/62292C8F00E2E169BB4D2B3CC396B254\"}}],\"Version\":\"2012-10-17\"}",
            "create_date": "2025-05-29T02:28:44Z",
            "description": "",
            "force_detach_policies": false,
            "id": "velero-irsa-role",
            "inline_policy": [],
            "managed_policy_arns": [],
            "max_session_duration": 3600,
            "name": "velero-irsa-role",
            "name_prefix": "",
            "path": "/",
            "permissions_boundary": "",
            "tags": null,
            "tags_all": {},
            "unique_id": "AROAUKMRZ6CWQHVHDBHCT"
          },
          "sensitive_attributes": [],
          "identity_schema_version": 0,
          "private": "bnVsbA==",
          "dependencies": [
            "data.aws_eks_cluster.cicd",
            "data.aws_eks_cluster.service",
            "data.aws_iam_openid_connect_provider.cicd"
          ]
        }
      ]
    },
    {
      "mode": "managed",
      "type": "aws_iam_role_policy_attachment",
      "name": "velero_attach",
      "provider": "provider[\"registry.terraform.io/hashicorp/aws\"]",
      "instances": [
        {
          "schema_version": 0,
          "attributes": {
            "id": "velero-irsa-role-20250529022847535100000001",
            "policy_arn": "arn:aws:iam::297195401389:policy/velero-s3-kms-access-policy",
            "role": "velero-irsa-role"
          },
          "sensitive_attributes": [],
          "identity_schema_version": 0,
          "private": "bnVsbA==",
          "dependencies": [
            "aws_iam_policy.velero_policy",
            "aws_iam_role.velero_irsa_role",
            "data.aws_eks_cluster.cicd",
            "data.aws_eks_cluster.service",
            "data.aws_iam_openid_connect_provider.cicd",
            "data.terraform_remote_state.s3"
          ]
        }
      ]
    }
  ],
  "check_results": null
}
